
Microsoft Visual Studio Solution File, Format Version 12.00
# Visual Studio Version 16
VisualStudioVersion = 16.0.31911.196
MinimumVisualStudioVersion = 10.0.40219.1
Project("{8BC9CEB8-8B4A-11D0-8D11-00A0C91BC942}") = "Madbus", "Madbus\Madbus.vcxproj", "{C24AE975-10F9-4A58-BFAA-7CBE5D31ADC8}"
EndProject
Project("{8BC9CEB8-8B4A-11D0-8D11-00A0C91BC942}") = "MadEnum", "MadEnum\MadEnum.vcxproj", "{1D20DC40-A5EF-48BA-88D2-D9F862D6E5FA}"
EndProject
Project("{8BC9CEB8-8B4A-11D0-8D11-00A0C91BC942}") = "MadDevWmiApp", "MadDevWmiApp\MadDevWmiAppVs2013.vcxproj", "{2F5C237B-4ABC-4C9A-A91E-E62B575DFEB9}"
EndProject
Project("{8BC9CEB8-8B4A-11D0-8D11-00A0C91BC942}") = "MadBusWmiApp", "MadBusWmiApp\MadBusWmiAppVs2013.vcxproj", "{E274B735-145A-44C3-9ED3-A54A81D42709}"
EndProject
Project("{8BC9CEB8-8B4A-11D0-8D11-00A0C91BC942}") = "MadMonitor", "MadMonitor\MadMonitor.vcxproj", "{136CF6BA-C7E5-4F16-914C-AF548D1BBED2}"
EndProject
Project("{8BC9CEB8-8B4A-11D0-8D11-00A0C91BC942}") = "MadDevSimUsrInt", "MadDevSimUsrInt\MadDevSimUsrIntVs2013.vcxproj", "{17F7E7A5-0FBF-4909-899D-6217DDAB5127}"
EndProject
Project("{8BC9CEB8-8B4A-11D0-8D11-00A0C91BC942}") = "MadTestApp", "MadTestApp\MadTestAppVs2013.vcxproj", "{C0F7D115-E279-4C02-ACA1-1302DE7F864D}"
EndProject
Project("{8BC9CEB8-8B4A-11D0-8D11-00A0C91BC942}") = "MadFilter", "MadFilter\MadFilter.vcxproj", "{3987AE48-F567-4189-BFE5-AA58D5749584}"
EndProject
Project("{8BC9CEB8-8B4A-11D0-8D11-00A0C91BC942}") = "MadDiskMP", "MadDiskMP\MadDiskMP.vcxproj", "{C1A88A9E-E5AC-4AC9-A938-73E7BFACDEFD}"
EndProject
Project("{8BC9CEB8-8B4A-11D0-8D11-00A0C91BC942}") = "MadDevice", "MadDevice\MadDevice.vcxproj", "{A6ECDAAC-B576-4E13-9919-53E8AE07205F}"
EndProject
Global
	GlobalSection(SolutionConfigurationPlatforms) = preSolution
		Debug|Any CPU = Debug|Any CPU
		Debug|ARM = Debug|ARM
		Debug|ARM64 = Debug|ARM64
		Debug|x64 = Debug|x64
		Debug|x86 = Debug|x86
		Release|Any CPU = Release|Any CPU
		Release|ARM = Release|ARM
		Release|ARM64 = Release|ARM64
		Release|x64 = Release|x64
		Release|x86 = Release|x86
		Win10|Any CPU = Win10|Any CPU
		Win10|ARM = Win10|ARM
		Win10|ARM64 = Win10|ARM64
		Win10|x64 = Win10|x64
		Win10|x86 = Win10|x86
		Win7 Debug|Any CPU = Win7 Debug|Any CPU
		Win7 Debug|ARM = Win7 Debug|ARM
		Win7 Debug|ARM64 = Win7 Debug|ARM64
		Win7 Debug|x64 = Win7 Debug|x64
		Win7 Debug|x86 = Win7 Debug|x86
		Win7 Release|Any CPU = Win7 Release|Any CPU
		Win7 Release|ARM = Win7 Release|ARM
		Win7 Release|ARM64 = Win7 Release|ARM64
		Win7 Release|x64 = Win7 Release|x64
		Win7 Release|x86 = Win7 Release|x86
		Win8 Debug|Any CPU = Win8 Debug|Any CPU
		Win8 Debug|ARM = Win8 Debug|ARM
		Win8 Debug|ARM64 = Win8 Debug|ARM64
		Win8 Debug|x64 = Win8 Debug|x64
		Win8 Debug|x86 = Win8 Debug|x86
		Win8 Release|Any CPU = Win8 Release|Any CPU
		Win8 Release|ARM = Win8 Release|ARM
		Win8 Release|ARM64 = Win8 Release|ARM64
		Win8 Release|x64 = Win8 Release|x64
		Win8 Release|x86 = Win8 Release|x86
		Win8.1 Debug|Any CPU = Win8.1 Debug|Any CPU
		Win8.1 Debug|ARM = Win8.1 Debug|ARM
		Win8.1 Debug|ARM64 = Win8.1 Debug|ARM64
		Win8.1 Debug|x64 = Win8.1 Debug|x64
		Win8.1 Debug|x86 = Win8.1 Debug|x86
		Win8.1 Release|Any CPU = Win8.1 Release|Any CPU
		Win8.1 Release|ARM = Win8.1 Release|ARM
		Win8.1 Release|ARM64 = Win8.1 Release|ARM64
		Win8.1 Release|x64 = Win8.1 Release|x64
		Win8.1 Release|x86 = Win8.1 Release|x86
	EndGlobalSection
	GlobalSection(ProjectConfigurationPlatforms) = postSolution
		{C24AE975-10F9-4A58-BFAA-7CBE5D31ADC8}.Debug|Any CPU.ActiveCfg = Debug|Win32
		{C24AE975-10F9-4A58-BFAA-7CBE5D31ADC8}.Debug|ARM.ActiveCfg = Debug|ARM
		{C24AE975-10F9-4A58-BFAA-7CBE5D31ADC8}.Debug|ARM.Build.0 = Debug|ARM
		{C24AE975-10F9-4A58-BFAA-7CBE5D31ADC8}.Debug|ARM.Deploy.0 = Debug|ARM
		{C24AE975-10F9-4A58-BFAA-7CBE5D31ADC8}.Debug|ARM64.ActiveCfg = Debug|ARM64
		{C24AE975-10F9-4A58-BFAA-7CBE5D31ADC8}.Debug|ARM64.Build.0 = Debug|ARM64
		{C24AE975-10F9-4A58-BFAA-7CBE5D31ADC8}.Debug|ARM64.Deploy.0 = Debug|ARM64
		{C24AE975-10F9-4A58-BFAA-7CBE5D31ADC8}.Debug|x64.ActiveCfg = Debug|x64
		{C24AE975-10F9-4A58-BFAA-7CBE5D31ADC8}.Debug|x64.Build.0 = Debug|x64
		{C24AE975-10F9-4A58-BFAA-7CBE5D31ADC8}.Debug|x64.Deploy.0 = Debug|x64
		{C24AE975-10F9-4A58-BFAA-7CBE5D31ADC8}.Debug|x86.ActiveCfg = Debug|x64
		{C24AE975-10F9-4A58-BFAA-7CBE5D31ADC8}.Debug|x86.Build.0 = Debug|x64
		{C24AE975-10F9-4A58-BFAA-7CBE5D31ADC8}.Debug|x86.Deploy.0 = Debug|x64
		{C24AE975-10F9-4A58-BFAA-7CBE5D31ADC8}.Release|Any CPU.ActiveCfg = Release|Win32
		{C24AE975-10F9-4A58-BFAA-7CBE5D31ADC8}.Release|ARM.ActiveCfg = Release|ARM
		{C24AE975-10F9-4A58-BFAA-7CBE5D31ADC8}.Release|ARM.Build.0 = Release|ARM
		{C24AE975-10F9-4A58-BFAA-7CBE5D31ADC8}.Release|ARM.Deploy.0 = Release|ARM
		{C24AE975-10F9-4A58-BFAA-7CBE5D31ADC8}.Release|ARM64.ActiveCfg = Release|ARM64
		{C24AE975-10F9-4A58-BFAA-7CBE5D31ADC8}.Release|ARM64.Build.0 = Release|ARM64
		{C24AE975-10F9-4A58-BFAA-7CBE5D31ADC8}.Release|ARM64.Deploy.0 = Release|ARM64
		{C24AE975-10F9-4A58-BFAA-7CBE5D31ADC8}.Release|x64.ActiveCfg = Release|x64
		{C24AE975-10F9-4A58-BFAA-7CBE5D31ADC8}.Release|x64.Build.0 = Release|x64
		{C24AE975-10F9-4A58-BFAA-7CBE5D31ADC8}.Release|x64.Deploy.0 = Release|x64
		{C24AE975-10F9-4A58-BFAA-7CBE5D31ADC8}.Release|x86.ActiveCfg = Release|Win32
		{C24AE975-10F9-4A58-BFAA-7CBE5D31ADC8}.Release|x86.Build.0 = Release|Win32
		{C24AE975-10F9-4A58-BFAA-7CBE5D31ADC8}.Release|x86.Deploy.0 = Release|Win32
		{C24AE975-10F9-4A58-BFAA-7CBE5D31ADC8}.Win10|Any CPU.ActiveCfg = Debug|x64
		{C24AE975-10F9-4A58-BFAA-7CBE5D31ADC8}.Win10|Any CPU.Build.0 = Debug|x64
		{C24AE975-10F9-4A58-BFAA-7CBE5D31ADC8}.Win10|Any CPU.Deploy.0 = Debug|x64
		{C24AE975-10F9-4A58-BFAA-7CBE5D31ADC8}.Win10|ARM.ActiveCfg = Release|ARM
		{C24AE975-10F9-4A58-BFAA-7CBE5D31ADC8}.Win10|ARM.Build.0 = Release|ARM
		{C24AE975-10F9-4A58-BFAA-7CBE5D31ADC8}.Win10|ARM.Deploy.0 = Release|ARM
		{C24AE975-10F9-4A58-BFAA-7CBE5D31ADC8}.Win10|ARM64.ActiveCfg = Release|ARM64
		{C24AE975-10F9-4A58-BFAA-7CBE5D31ADC8}.Win10|ARM64.Build.0 = Release|ARM64
		{C24AE975-10F9-4A58-BFAA-7CBE5D31ADC8}.Win10|ARM64.Deploy.0 = Release|ARM64
		{C24AE975-10F9-4A58-BFAA-7CBE5D31ADC8}.Win10|x64.ActiveCfg = Debug|x64
		{C24AE975-10F9-4A58-BFAA-7CBE5D31ADC8}.Win10|x64.Build.0 = Debug|x64
		{C24AE975-10F9-4A58-BFAA-7CBE5D31ADC8}.Win10|x86.ActiveCfg = Release|Win32
		{C24AE975-10F9-4A58-BFAA-7CBE5D31ADC8}.Win10|x86.Build.0 = Release|Win32
		{C24AE975-10F9-4A58-BFAA-7CBE5D31ADC8}.Win10|x86.Deploy.0 = Release|Win32
		{C24AE975-10F9-4A58-BFAA-7CBE5D31ADC8}.Win7 Debug|Any CPU.ActiveCfg = Release|x64
		{C24AE975-10F9-4A58-BFAA-7CBE5D31ADC8}.Win7 Debug|Any CPU.Build.0 = Release|x64
		{C24AE975-10F9-4A58-BFAA-7CBE5D31ADC8}.Win7 Debug|Any CPU.Deploy.0 = Release|x64
		{C24AE975-10F9-4A58-BFAA-7CBE5D31ADC8}.Win7 Debug|ARM.ActiveCfg = Debug|ARM
		{C24AE975-10F9-4A58-BFAA-7CBE5D31ADC8}.Win7 Debug|ARM.Build.0 = Debug|ARM
		{C24AE975-10F9-4A58-BFAA-7CBE5D31ADC8}.Win7 Debug|ARM.Deploy.0 = Debug|ARM
		{C24AE975-10F9-4A58-BFAA-7CBE5D31ADC8}.Win7 Debug|ARM64.ActiveCfg = Debug|ARM64
		{C24AE975-10F9-4A58-BFAA-7CBE5D31ADC8}.Win7 Debug|ARM64.Build.0 = Debug|ARM64
		{C24AE975-10F9-4A58-BFAA-7CBE5D31ADC8}.Win7 Debug|ARM64.Deploy.0 = Debug|ARM64
		{C24AE975-10F9-4A58-BFAA-7CBE5D31ADC8}.Win7 Debug|x64.ActiveCfg = Debug|x64
		{C24AE975-10F9-4A58-BFAA-7CBE5D31ADC8}.Win7 Debug|x64.Build.0 = Debug|x64
		{C24AE975-10F9-4A58-BFAA-7CBE5D31ADC8}.Win7 Debug|x64.Deploy.0 = Debug|x64
		{C24AE975-10F9-4A58-BFAA-7CBE5D31ADC8}.Win7 Debug|x86.ActiveCfg = Debug|Win32
		{C24AE975-10F9-4A58-BFAA-7CBE5D31ADC8}.Win7 Debug|x86.Build.0 = Debug|Win32
		{C24AE975-10F9-4A58-BFAA-7CBE5D31ADC8}.Win7 Debug|x86.Deploy.0 = Debug|Win32
		{C24AE975-10F9-4A58-BFAA-7CBE5D31ADC8}.Win7 Release|Any CPU.ActiveCfg = Release|x64
		{C24AE975-10F9-4A58-BFAA-7CBE5D31ADC8}.Win7 Release|Any CPU.Build.0 = Release|x64
		{C24AE975-10F9-4A58-BFAA-7CBE5D31ADC8}.Win7 Release|Any CPU.Deploy.0 = Release|x64
		{C24AE975-10F9-4A58-BFAA-7CBE5D31ADC8}.Win7 Release|ARM.ActiveCfg = Release|ARM
		{C24AE975-10F9-4A58-BFAA-7CBE5D31ADC8}.Win7 Release|ARM.Build.0 = Release|ARM
		{C24AE975-10F9-4A58-BFAA-7CBE5D31ADC8}.Win7 Release|ARM.Deploy.0 = Release|ARM
		{C24AE975-10F9-4A58-BFAA-7CBE5D31ADC8}.Win7 Release|ARM64.ActiveCfg = Release|ARM64
		{C24AE975-10F9-4A58-BFAA-7CBE5D31ADC8}.Win7 Release|ARM64.Build.0 = Release|ARM64
		{C24AE975-10F9-4A58-BFAA-7CBE5D31ADC8}.Win7 Release|ARM64.Deploy.0 = Release|ARM64
		{C24AE975-10F9-4A58-BFAA-7CBE5D31ADC8}.Win7 Release|x64.ActiveCfg = Release|x64
		{C24AE975-10F9-4A58-BFAA-7CBE5D31ADC8}.Win7 Release|x64.Build.0 = Release|x64
		{C24AE975-10F9-4A58-BFAA-7CBE5D31ADC8}.Win7 Release|x64.Deploy.0 = Release|x64
		{C24AE975-10F9-4A58-BFAA-7CBE5D31ADC8}.Win7 Release|x86.ActiveCfg = Release|Win32
		{C24AE975-10F9-4A58-BFAA-7CBE5D31ADC8}.Win7 Release|x86.Build.0 = Release|Win32
		{C24AE975-10F9-4A58-BFAA-7CBE5D31ADC8}.Win7 Release|x86.Deploy.0 = Release|Win32
		{C24AE975-10F9-4A58-BFAA-7CBE5D31ADC8}.Win8 Debug|Any CPU.ActiveCfg = Release|x64
		{C24AE975-10F9-4A58-BFAA-7CBE5D31ADC8}.Win8 Debug|Any CPU.Build.0 = Release|x64
		{C24AE975-10F9-4A58-BFAA-7CBE5D31ADC8}.Win8 Debug|Any CPU.Deploy.0 = Release|x64
		{C24AE975-10F9-4A58-BFAA-7CBE5D31ADC8}.Win8 Debug|ARM.ActiveCfg = Debug|ARM
		{C24AE975-10F9-4A58-BFAA-7CBE5D31ADC8}.Win8 Debug|ARM.Build.0 = Debug|ARM
		{C24AE975-10F9-4A58-BFAA-7CBE5D31ADC8}.Win8 Debug|ARM.Deploy.0 = Debug|ARM
		{C24AE975-10F9-4A58-BFAA-7CBE5D31ADC8}.Win8 Debug|ARM64.ActiveCfg = Debug|ARM64
		{C24AE975-10F9-4A58-BFAA-7CBE5D31ADC8}.Win8 Debug|ARM64.Build.0 = Debug|ARM64
		{C24AE975-10F9-4A58-BFAA-7CBE5D31ADC8}.Win8 Debug|ARM64.Deploy.0 = Debug|ARM64
		{C24AE975-10F9-4A58-BFAA-7CBE5D31ADC8}.Win8 Debug|x64.ActiveCfg = Debug|x64
		{C24AE975-10F9-4A58-BFAA-7CBE5D31ADC8}.Win8 Debug|x64.Build.0 = Debug|x64
		{C24AE975-10F9-4A58-BFAA-7CBE5D31ADC8}.Win8 Debug|x64.Deploy.0 = Debug|x64
		{C24AE975-10F9-4A58-BFAA-7CBE5D31ADC8}.Win8 Debug|x86.ActiveCfg = Debug|Win32
		{C24AE975-10F9-4A58-BFAA-7CBE5D31ADC8}.Win8 Debug|x86.Build.0 = Debug|Win32
		{C24AE975-10F9-4A58-BFAA-7CBE5D31ADC8}.Win8 Debug|x86.Deploy.0 = Debug|Win32
		{C24AE975-10F9-4A58-BFAA-7CBE5D31ADC8}.Win8 Release|Any CPU.ActiveCfg = Release|x64
		{C24AE975-10F9-4A58-BFAA-7CBE5D31ADC8}.Win8 Release|Any CPU.Build.0 = Release|x64
		{C24AE975-10F9-4A58-BFAA-7CBE5D31ADC8}.Win8 Release|Any CPU.Deploy.0 = Release|x64
		{C24AE975-10F9-4A58-BFAA-7CBE5D31ADC8}.Win8 Release|ARM.ActiveCfg = Release|ARM
		{C24AE975-10F9-4A58-BFAA-7CBE5D31ADC8}.Win8 Release|ARM.Build.0 = Release|ARM
		{C24AE975-10F9-4A58-BFAA-7CBE5D31ADC8}.Win8 Release|ARM.Deploy.0 = Release|ARM
		{C24AE975-10F9-4A58-BFAA-7CBE5D31ADC8}.Win8 Release|ARM64.ActiveCfg = Release|ARM64
		{C24AE975-10F9-4A58-BFAA-7CBE5D31ADC8}.Win8 Release|ARM64.Build.0 = Release|ARM64
		{C24AE975-10F9-4A58-BFAA-7CBE5D31ADC8}.Win8 Release|ARM64.Deploy.0 = Release|ARM64
		{C24AE975-10F9-4A58-BFAA-7CBE5D31ADC8}.Win8 Release|x64.ActiveCfg = Release|x64
		{C24AE975-10F9-4A58-BFAA-7CBE5D31ADC8}.Win8 Release|x64.Build.0 = Release|x64
		{C24AE975-10F9-4A58-BFAA-7CBE5D31ADC8}.Win8 Release|x64.Deploy.0 = Release|x64
		{C24AE975-10F9-4A58-BFAA-7CBE5D31ADC8}.Win8 Release|x86.ActiveCfg = Release|Win32
		{C24AE975-10F9-4A58-BFAA-7CBE5D31ADC8}.Win8 Release|x86.Build.0 = Release|Win32
		{C24AE975-10F9-4A58-BFAA-7CBE5D31ADC8}.Win8 Release|x86.Deploy.0 = Release|Win32
		{C24AE975-10F9-4A58-BFAA-7CBE5D31ADC8}.Win8.1 Debug|Any CPU.ActiveCfg = Release|x64
		{C24AE975-10F9-4A58-BFAA-7CBE5D31ADC8}.Win8.1 Debug|Any CPU.Build.0 = Release|x64
		{C24AE975-10F9-4A58-BFAA-7CBE5D31ADC8}.Win8.1 Debug|Any CPU.Deploy.0 = Release|x64
		{C24AE975-10F9-4A58-BFAA-7CBE5D31ADC8}.Win8.1 Debug|ARM.ActiveCfg = Debug|ARM
		{C24AE975-10F9-4A58-BFAA-7CBE5D31ADC8}.Win8.1 Debug|ARM.Build.0 = Debug|ARM
		{C24AE975-10F9-4A58-BFAA-7CBE5D31ADC8}.Win8.1 Debug|ARM.Deploy.0 = Debug|ARM
		{C24AE975-10F9-4A58-BFAA-7CBE5D31ADC8}.Win8.1 Debug|ARM64.ActiveCfg = Debug|ARM64
		{C24AE975-10F9-4A58-BFAA-7CBE5D31ADC8}.Win8.1 Debug|ARM64.Build.0 = Debug|ARM64
		{C24AE975-10F9-4A58-BFAA-7CBE5D31ADC8}.Win8.1 Debug|ARM64.Deploy.0 = Debug|ARM64
		{C24AE975-10F9-4A58-BFAA-7CBE5D31ADC8}.Win8.1 Debug|x64.ActiveCfg = Debug|x64
		{C24AE975-10F9-4A58-BFAA-7CBE5D31ADC8}.Win8.1 Debug|x64.Build.0 = Debug|x64
		{C24AE975-10F9-4A58-BFAA-7CBE5D31ADC8}.Win8.1 Debug|x64.Deploy.0 = Debug|x64
		{C24AE975-10F9-4A58-BFAA-7CBE5D31ADC8}.Win8.1 Debug|x86.ActiveCfg = Debug|Win32
		{C24AE975-10F9-4A58-BFAA-7CBE5D31ADC8}.Win8.1 Debug|x86.Build.0 = Debug|Win32
		{C24AE975-10F9-4A58-BFAA-7CBE5D31ADC8}.Win8.1 Debug|x86.Deploy.0 = Debug|Win32
		{C24AE975-10F9-4A58-BFAA-7CBE5D31ADC8}.Win8.1 Release|Any CPU.ActiveCfg = Release|x64
		{C24AE975-10F9-4A58-BFAA-7CBE5D31ADC8}.Win8.1 Release|Any CPU.Build.0 = Release|x64
		{C24AE975-10F9-4A58-BFAA-7CBE5D31ADC8}.Win8.1 Release|Any CPU.Deploy.0 = Release|x64
		{C24AE975-10F9-4A58-BFAA-7CBE5D31ADC8}.Win8.1 Release|ARM.ActiveCfg = Release|ARM
		{C24AE975-10F9-4A58-BFAA-7CBE5D31ADC8}.Win8.1 Release|ARM.Build.0 = Release|ARM
		{C24AE975-10F9-4A58-BFAA-7CBE5D31ADC8}.Win8.1 Release|ARM.Deploy.0 = Release|ARM
		{C24AE975-10F9-4A58-BFAA-7CBE5D31ADC8}.Win8.1 Release|ARM64.ActiveCfg = Release|ARM64
		{C24AE975-10F9-4A58-BFAA-7CBE5D31ADC8}.Win8.1 Release|ARM64.Build.0 = Release|ARM64
		{C24AE975-10F9-4A58-BFAA-7CBE5D31ADC8}.Win8.1 Release|ARM64.Deploy.0 = Release|ARM64
		{C24AE975-10F9-4A58-BFAA-7CBE5D31ADC8}.Win8.1 Release|x64.ActiveCfg = Release|x64
		{C24AE975-10F9-4A58-BFAA-7CBE5D31ADC8}.Win8.1 Release|x64.Build.0 = Release|x64
		{C24AE975-10F9-4A58-BFAA-7CBE5D31ADC8}.Win8.1 Release|x64.Deploy.0 = Release|x64
		{C24AE975-10F9-4A58-BFAA-7CBE5D31ADC8}.Win8.1 Release|x86.ActiveCfg = Release|Win32
		{C24AE975-10F9-4A58-BFAA-7CBE5D31ADC8}.Win8.1 Release|x86.Build.0 = Release|Win32
		{C24AE975-10F9-4A58-BFAA-7CBE5D31ADC8}.Win8.1 Release|x86.Deploy.0 = Release|Win32
		{1D20DC40-A5EF-48BA-88D2-D9F862D6E5FA}.Debug|Any CPU.ActiveCfg = Debug|Win32
		{1D20DC40-A5EF-48BA-88D2-D9F862D6E5FA}.Debug|ARM.ActiveCfg = Debug|Win32
		{1D20DC40-A5EF-48BA-88D2-D9F862D6E5FA}.Debug|ARM64.ActiveCfg = Debug|Win32
		{1D20DC40-A5EF-48BA-88D2-D9F862D6E5FA}.Debug|x64.ActiveCfg = Debug|x64
		{1D20DC40-A5EF-48BA-88D2-D9F862D6E5FA}.Debug|x64.Build.0 = Debug|x64
		{1D20DC40-A5EF-48BA-88D2-D9F862D6E5FA}.Debug|x86.ActiveCfg = Debug|Win32
		{1D20DC40-A5EF-48BA-88D2-D9F862D6E5FA}.Debug|x86.Build.0 = Debug|Win32
		{1D20DC40-A5EF-48BA-88D2-D9F862D6E5FA}.Release|Any CPU.ActiveCfg = Release|Win32
		{1D20DC40-A5EF-48BA-88D2-D9F862D6E5FA}.Release|ARM.ActiveCfg = Release|Win32
		{1D20DC40-A5EF-48BA-88D2-D9F862D6E5FA}.Release|ARM64.ActiveCfg = Release|Win32
		{1D20DC40-A5EF-48BA-88D2-D9F862D6E5FA}.Release|x64.ActiveCfg = Release|x64
		{1D20DC40-A5EF-48BA-88D2-D9F862D6E5FA}.Release|x64.Build.0 = Release|x64
		{1D20DC40-A5EF-48BA-88D2-D9F862D6E5FA}.Release|x86.ActiveCfg = Release|Win32
		{1D20DC40-A5EF-48BA-88D2-D9F862D6E5FA}.Release|x86.Build.0 = Release|Win32
		{1D20DC40-A5EF-48BA-88D2-D9F862D6E5FA}.Win10|Any CPU.ActiveCfg = Debug|Win32
		{1D20DC40-A5EF-48BA-88D2-D9F862D6E5FA}.Win10|Any CPU.Build.0 = Debug|Win32
		{1D20DC40-A5EF-48BA-88D2-D9F862D6E5FA}.Win10|ARM.ActiveCfg = Debug|Win32
		{1D20DC40-A5EF-48BA-88D2-D9F862D6E5FA}.Win10|ARM.Build.0 = Debug|Win32
		{1D20DC40-A5EF-48BA-88D2-D9F862D6E5FA}.Win10|ARM64.ActiveCfg = Debug|Win32
		{1D20DC40-A5EF-48BA-88D2-D9F862D6E5FA}.Win10|ARM64.Build.0 = Debug|Win32
		{1D20DC40-A5EF-48BA-88D2-D9F862D6E5FA}.Win10|x64.ActiveCfg = Debug|x64
		{1D20DC40-A5EF-48BA-88D2-D9F862D6E5FA}.Win10|x64.Build.0 = Debug|x64
		{1D20DC40-A5EF-48BA-88D2-D9F862D6E5FA}.Win10|x86.ActiveCfg = Debug|Win32
		{1D20DC40-A5EF-48BA-88D2-D9F862D6E5FA}.Win10|x86.Build.0 = Debug|Win32
		{1D20DC40-A5EF-48BA-88D2-D9F862D6E5FA}.Win7 Debug|Any CPU.ActiveCfg = Release|x64
		{1D20DC40-A5EF-48BA-88D2-D9F862D6E5FA}.Win7 Debug|Any CPU.Build.0 = Release|x64
		{1D20DC40-A5EF-48BA-88D2-D9F862D6E5FA}.Win7 Debug|ARM.ActiveCfg = Release|x64
		{1D20DC40-A5EF-48BA-88D2-D9F862D6E5FA}.Win7 Debug|ARM.Build.0 = Release|x64
		{1D20DC40-A5EF-48BA-88D2-D9F862D6E5FA}.Win7 Debug|ARM64.ActiveCfg = Release|x64
		{1D20DC40-A5EF-48BA-88D2-D9F862D6E5FA}.Win7 Debug|ARM64.Build.0 = Release|x64
		{1D20DC40-A5EF-48BA-88D2-D9F862D6E5FA}.Win7 Debug|x64.ActiveCfg = Debug|x64
		{1D20DC40-A5EF-48BA-88D2-D9F862D6E5FA}.Win7 Debug|x64.Build.0 = Debug|x64
		{1D20DC40-A5EF-48BA-88D2-D9F862D6E5FA}.Win7 Debug|x86.ActiveCfg = Debug|Win32
		{1D20DC40-A5EF-48BA-88D2-D9F862D6E5FA}.Win7 Debug|x86.Build.0 = Debug|Win32
		{1D20DC40-A5EF-48BA-88D2-D9F862D6E5FA}.Win7 Release|Any CPU.ActiveCfg = Release|x64
		{1D20DC40-A5EF-48BA-88D2-D9F862D6E5FA}.Win7 Release|Any CPU.Build.0 = Release|x64
		{1D20DC40-A5EF-48BA-88D2-D9F862D6E5FA}.Win7 Release|ARM.ActiveCfg = Release|x64
		{1D20DC40-A5EF-48BA-88D2-D9F862D6E5FA}.Win7 Release|ARM.Build.0 = Release|x64
		{1D20DC40-A5EF-48BA-88D2-D9F862D6E5FA}.Win7 Release|ARM64.ActiveCfg = Release|x64
		{1D20DC40-A5EF-48BA-88D2-D9F862D6E5FA}.Win7 Release|ARM64.Build.0 = Release|x64
		{1D20DC40-A5EF-48BA-88D2-D9F862D6E5FA}.Win7 Release|x64.ActiveCfg = Release|x64
		{1D20DC40-A5EF-48BA-88D2-D9F862D6E5FA}.Win7 Release|x64.Build.0 = Release|x64
		{1D20DC40-A5EF-48BA-88D2-D9F862D6E5FA}.Win7 Release|x86.ActiveCfg = Release|Win32
		{1D20DC40-A5EF-48BA-88D2-D9F862D6E5FA}.Win7 Release|x86.Build.0 = Release|Win32
		{1D20DC40-A5EF-48BA-88D2-D9F862D6E5FA}.Win8 Debug|Any CPU.ActiveCfg = Release|x64
		{1D20DC40-A5EF-48BA-88D2-D9F862D6E5FA}.Win8 Debug|Any CPU.Build.0 = Release|x64
		{1D20DC40-A5EF-48BA-88D2-D9F862D6E5FA}.Win8 Debug|ARM.ActiveCfg = Release|x64
		{1D20DC40-A5EF-48BA-88D2-D9F862D6E5FA}.Win8 Debug|ARM.Build.0 = Release|x64
		{1D20DC40-A5EF-48BA-88D2-D9F862D6E5FA}.Win8 Debug|ARM64.ActiveCfg = Release|x64
		{1D20DC40-A5EF-48BA-88D2-D9F862D6E5FA}.Win8 Debug|ARM64.Build.0 = Release|x64
		{1D20DC40-A5EF-48BA-88D2-D9F862D6E5FA}.Win8 Debug|x64.ActiveCfg = Debug|x64
		{1D20DC40-A5EF-48BA-88D2-D9F862D6E5FA}.Win8 Debug|x64.Build.0 = Debug|x64
		{1D20DC40-A5EF-48BA-88D2-D9F862D6E5FA}.Win8 Debug|x86.ActiveCfg = Debug|Win32
		{1D20DC40-A5EF-48BA-88D2-D9F862D6E5FA}.Win8 Debug|x86.Build.0 = Debug|Win32
		{1D20DC40-A5EF-48BA-88D2-D9F862D6E5FA}.Win8 Release|Any CPU.ActiveCfg = Release|x64
		{1D20DC40-A5EF-48BA-88D2-D9F862D6E5FA}.Win8 Release|Any CPU.Build.0 = Release|x64
		{1D20DC40-A5EF-48BA-88D2-D9F862D6E5FA}.Win8 Release|ARM.ActiveCfg = Release|x64
		{1D20DC40-A5EF-48BA-88D2-D9F862D6E5FA}.Win8 Release|ARM.Build.0 = Release|x64
		{1D20DC40-A5EF-48BA-88D2-D9F862D6E5FA}.Win8 Release|ARM64.ActiveCfg = Release|x64
		{1D20DC40-A5EF-48BA-88D2-D9F862D6E5FA}.Win8 Release|ARM64.Build.0 = Release|x64
		{1D20DC40-A5EF-48BA-88D2-D9F862D6E5FA}.Win8 Release|x64.ActiveCfg = Release|x64
		{1D20DC40-A5EF-48BA-88D2-D9F862D6E5FA}.Win8 Release|x64.Build.0 = Release|x64
		{1D20DC40-A5EF-48BA-88D2-D9F862D6E5FA}.Win8 Release|x86.ActiveCfg = Release|Win32
		{1D20DC40-A5EF-48BA-88D2-D9F862D6E5FA}.Win8 Release|x86.Build.0 = Release|Win32
		{1D20DC40-A5EF-48BA-88D2-D9F862D6E5FA}.Win8.1 Debug|Any CPU.ActiveCfg = Release|x64
		{1D20DC40-A5EF-48BA-88D2-D9F862D6E5FA}.Win8.1 Debug|Any CPU.Build.0 = Release|x64
		{1D20DC40-A5EF-48BA-88D2-D9F862D6E5FA}.Win8.1 Debug|ARM.ActiveCfg = Release|x64
		{1D20DC40-A5EF-48BA-88D2-D9F862D6E5FA}.Win8.1 Debug|ARM.Build.0 = Release|x64
		{1D20DC40-A5EF-48BA-88D2-D9F862D6E5FA}.Win8.1 Debug|ARM64.ActiveCfg = Release|x64
		{1D20DC40-A5EF-48BA-88D2-D9F862D6E5FA}.Win8.1 Debug|ARM64.Build.0 = Release|x64
		{1D20DC40-A5EF-48BA-88D2-D9F862D6E5FA}.Win8.1 Debug|x64.ActiveCfg = Debug|x64
		{1D20DC40-A5EF-48BA-88D2-D9F862D6E5FA}.Win8.1 Debug|x64.Build.0 = Debug|x64
		{1D20DC40-A5EF-48BA-88D2-D9F862D6E5FA}.Win8.1 Debug|x86.ActiveCfg = Debug|Win32
		{1D20DC40-A5EF-48BA-88D2-D9F862D6E5FA}.Win8.1 Debug|x86.Build.0 = Debug|Win32
		{1D20DC40-A5EF-48BA-88D2-D9F862D6E5FA}.Win8.1 Release|Any CPU.ActiveCfg = Release|x64
		{1D20DC40-A5EF-48BA-88D2-D9F862D6E5FA}.Win8.1 Release|Any CPU.Build.0 = Release|x64
		{1D20DC40-A5EF-48BA-88D2-D9F862D6E5FA}.Win8.1 Release|ARM.ActiveCfg = Release|x64
		{1D20DC40-A5EF-48BA-88D2-D9F862D6E5FA}.Win8.1 Release|ARM.Build.0 = Release|x64
		{1D20DC40-A5EF-48BA-88D2-D9F862D6E5FA}.Win8.1 Release|ARM64.ActiveCfg = Release|x64
		{1D20DC40-A5EF-48BA-88D2-D9F862D6E5FA}.Win8.1 Release|ARM64.Build.0 = Release|x64
		{1D20DC40-A5EF-48BA-88D2-D9F862D6E5FA}.Win8.1 Release|x64.ActiveCfg = Release|x64
		{1D20DC40-A5EF-48BA-88D2-D9F862D6E5FA}.Win8.1 Release|x64.Build.0 = Release|x64
		{1D20DC40-A5EF-48BA-88D2-D9F862D6E5FA}.Win8.1 Release|x86.ActiveCfg = Release|Win32
		{1D20DC40-A5EF-48BA-88D2-D9F862D6E5FA}.Win8.1 Release|x86.Build.0 = Release|Win32
		{2F5C237B-4ABC-4C9A-A91E-E62B575DFEB9}.Debug|Any CPU.ActiveCfg = Debug|Win32
		{2F5C237B-4ABC-4C9A-A91E-E62B575DFEB9}.Debug|ARM.ActiveCfg = Debug|Win32
		{2F5C237B-4ABC-4C9A-A91E-E62B575DFEB9}.Debug|ARM64.ActiveCfg = Debug|Win32
		{2F5C237B-4ABC-4C9A-A91E-E62B575DFEB9}.Debug|x64.ActiveCfg = Debug|x64
		{2F5C237B-4ABC-4C9A-A91E-E62B575DFEB9}.Debug|x64.Build.0 = Debug|x64
		{2F5C237B-4ABC-4C9A-A91E-E62B575DFEB9}.Debug|x86.ActiveCfg = Debug|Win32
		{2F5C237B-4ABC-4C9A-A91E-E62B575DFEB9}.Debug|x86.Build.0 = Debug|Win32
		{2F5C237B-4ABC-4C9A-A91E-E62B575DFEB9}.Release|Any CPU.ActiveCfg = Release|Win32
		{2F5C237B-4ABC-4C9A-A91E-E62B575DFEB9}.Release|ARM.ActiveCfg = Release|Win32
		{2F5C237B-4ABC-4C9A-A91E-E62B575DFEB9}.Release|ARM64.ActiveCfg = Release|Win32
		{2F5C237B-4ABC-4C9A-A91E-E62B575DFEB9}.Release|x64.ActiveCfg = Release|x64
		{2F5C237B-4ABC-4C9A-A91E-E62B575DFEB9}.Release|x64.Build.0 = Release|x64
		{2F5C237B-4ABC-4C9A-A91E-E62B575DFEB9}.Release|x86.ActiveCfg = Release|Win32
		{2F5C237B-4ABC-4C9A-A91E-E62B575DFEB9}.Release|x86.Build.0 = Release|Win32
		{2F5C237B-4ABC-4C9A-A91E-E62B575DFEB9}.Win10|Any CPU.ActiveCfg = Win10|Win32
		{2F5C237B-4ABC-4C9A-A91E-E62B575DFEB9}.Win10|ARM.ActiveCfg = Win10|Win32
		{2F5C237B-4ABC-4C9A-A91E-E62B575DFEB9}.Win10|ARM64.ActiveCfg = Win10|Win32
		{2F5C237B-4ABC-4C9A-A91E-E62B575DFEB9}.Win10|x64.ActiveCfg = Debug|x64
		{2F5C237B-4ABC-4C9A-A91E-E62B575DFEB9}.Win10|x64.Build.0 = Debug|x64
		{2F5C237B-4ABC-4C9A-A91E-E62B575DFEB9}.Win10|x86.ActiveCfg = Win10|Win32
		{2F5C237B-4ABC-4C9A-A91E-E62B575DFEB9}.Win10|x86.Build.0 = Win10|Win32
		{2F5C237B-4ABC-4C9A-A91E-E62B575DFEB9}.Win7 Debug|Any CPU.ActiveCfg = Win10|x64
		{2F5C237B-4ABC-4C9A-A91E-E62B575DFEB9}.Win7 Debug|Any CPU.Build.0 = Win10|x64
		{2F5C237B-4ABC-4C9A-A91E-E62B575DFEB9}.Win7 Debug|ARM.ActiveCfg = Win10|x64
		{2F5C237B-4ABC-4C9A-A91E-E62B575DFEB9}.Win7 Debug|ARM.Build.0 = Win10|x64
		{2F5C237B-4ABC-4C9A-A91E-E62B575DFEB9}.Win7 Debug|ARM64.ActiveCfg = Win10|x64
		{2F5C237B-4ABC-4C9A-A91E-E62B575DFEB9}.Win7 Debug|ARM64.Build.0 = Win10|x64
		{2F5C237B-4ABC-4C9A-A91E-E62B575DFEB9}.Win7 Debug|x64.ActiveCfg = Debug|x64
		{2F5C237B-4ABC-4C9A-A91E-E62B575DFEB9}.Win7 Debug|x64.Build.0 = Debug|x64
		{2F5C237B-4ABC-4C9A-A91E-E62B575DFEB9}.Win7 Debug|x86.ActiveCfg = Debug|Win32
		{2F5C237B-4ABC-4C9A-A91E-E62B575DFEB9}.Win7 Debug|x86.Build.0 = Debug|Win32
		{2F5C237B-4ABC-4C9A-A91E-E62B575DFEB9}.Win7 Release|Any CPU.ActiveCfg = Win10|x64
		{2F5C237B-4ABC-4C9A-A91E-E62B575DFEB9}.Win7 Release|Any CPU.Build.0 = Win10|x64
		{2F5C237B-4ABC-4C9A-A91E-E62B575DFEB9}.Win7 Release|ARM.ActiveCfg = Win10|x64
		{2F5C237B-4ABC-4C9A-A91E-E62B575DFEB9}.Win7 Release|ARM.Build.0 = Win10|x64
		{2F5C237B-4ABC-4C9A-A91E-E62B575DFEB9}.Win7 Release|ARM64.ActiveCfg = Win10|x64
		{2F5C237B-4ABC-4C9A-A91E-E62B575DFEB9}.Win7 Release|ARM64.Build.0 = Win10|x64
		{2F5C237B-4ABC-4C9A-A91E-E62B575DFEB9}.Win7 Release|x64.ActiveCfg = Release|x64
		{2F5C237B-4ABC-4C9A-A91E-E62B575DFEB9}.Win7 Release|x64.Build.0 = Release|x64
		{2F5C237B-4ABC-4C9A-A91E-E62B575DFEB9}.Win7 Release|x86.ActiveCfg = Release|Win32
		{2F5C237B-4ABC-4C9A-A91E-E62B575DFEB9}.Win7 Release|x86.Build.0 = Release|Win32
		{2F5C237B-4ABC-4C9A-A91E-E62B575DFEB9}.Win8 Debug|Any CPU.ActiveCfg = Win10|x64
		{2F5C237B-4ABC-4C9A-A91E-E62B575DFEB9}.Win8 Debug|Any CPU.Build.0 = Win10|x64
		{2F5C237B-4ABC-4C9A-A91E-E62B575DFEB9}.Win8 Debug|ARM.ActiveCfg = Win10|x64
		{2F5C237B-4ABC-4C9A-A91E-E62B575DFEB9}.Win8 Debug|ARM.Build.0 = Win10|x64
		{2F5C237B-4ABC-4C9A-A91E-E62B575DFEB9}.Win8 Debug|ARM64.ActiveCfg = Win10|x64
		{2F5C237B-4ABC-4C9A-A91E-E62B575DFEB9}.Win8 Debug|ARM64.Build.0 = Win10|x64
		{2F5C237B-4ABC-4C9A-A91E-E62B575DFEB9}.Win8 Debug|x64.ActiveCfg = Debug|x64
		{2F5C237B-4ABC-4C9A-A91E-E62B575DFEB9}.Win8 Debug|x64.Build.0 = Debug|x64
		{2F5C237B-4ABC-4C9A-A91E-E62B575DFEB9}.Win8 Debug|x86.ActiveCfg = Debug|Win32
		{2F5C237B-4ABC-4C9A-A91E-E62B575DFEB9}.Win8 Debug|x86.Build.0 = Debug|Win32
		{2F5C237B-4ABC-4C9A-A91E-E62B575DFEB9}.Win8 Release|Any CPU.ActiveCfg = Win10|x64
		{2F5C237B-4ABC-4C9A-A91E-E62B575DFEB9}.Win8 Release|Any CPU.Build.0 = Win10|x64
		{2F5C237B-4ABC-4C9A-A91E-E62B575DFEB9}.Win8 Release|ARM.ActiveCfg = Win10|x64
		{2F5C237B-4ABC-4C9A-A91E-E62B575DFEB9}.Win8 Release|ARM.Build.0 = Win10|x64
		{2F5C237B-4ABC-4C9A-A91E-E62B575DFEB9}.Win8 Release|ARM64.ActiveCfg = Win10|x64
		{2F5C237B-4ABC-4C9A-A91E-E62B575DFEB9}.Win8 Release|ARM64.Build.0 = Win10|x64
		{2F5C237B-4ABC-4C9A-A91E-E62B575DFEB9}.Win8 Release|x64.ActiveCfg = Release|x64
		{2F5C237B-4ABC-4C9A-A91E-E62B575DFEB9}.Win8 Release|x64.Build.0 = Release|x64
		{2F5C237B-4ABC-4C9A-A91E-E62B575DFEB9}.Win8 Release|x86.ActiveCfg = Release|Win32
		{2F5C237B-4ABC-4C9A-A91E-E62B575DFEB9}.Win8 Release|x86.Build.0 = Release|Win32
		{2F5C237B-4ABC-4C9A-A91E-E62B575DFEB9}.Win8.1 Debug|Any CPU.ActiveCfg = Win10|x64
		{2F5C237B-4ABC-4C9A-A91E-E62B575DFEB9}.Win8.1 Debug|Any CPU.Build.0 = Win10|x64
		{2F5C237B-4ABC-4C9A-A91E-E62B575DFEB9}.Win8.1 Debug|ARM.ActiveCfg = Win10|x64
		{2F5C237B-4ABC-4C9A-A91E-E62B575DFEB9}.Win8.1 Debug|ARM.Build.0 = Win10|x64
		{2F5C237B-4ABC-4C9A-A91E-E62B575DFEB9}.Win8.1 Debug|ARM64.ActiveCfg = Win10|x64
		{2F5C237B-4ABC-4C9A-A91E-E62B575DFEB9}.Win8.1 Debug|ARM64.Build.0 = Win10|x64
		{2F5C237B-4ABC-4C9A-A91E-E62B575DFEB9}.Win8.1 Debug|x64.ActiveCfg = Debug|x64
		{2F5C237B-4ABC-4C9A-A91E-E62B575DFEB9}.Win8.1 Debug|x64.Build.0 = Debug|x64
		{2F5C237B-4ABC-4C9A-A91E-E62B575DFEB9}.Win8.1 Debug|x86.ActiveCfg = Debug|Win32
		{2F5C237B-4ABC-4C9A-A91E-E62B575DFEB9}.Win8.1 Debug|x86.Build.0 = Debug|Win32
		{2F5C237B-4ABC-4C9A-A91E-E62B575DFEB9}.Win8.1 Release|Any CPU.ActiveCfg = Win10|x64
		{2F5C237B-4ABC-4C9A-A91E-E62B575DFEB9}.Win8.1 Release|Any CPU.Build.0 = Win10|x64
		{2F5C237B-4ABC-4C9A-A91E-E62B575DFEB9}.Win8.1 Release|ARM.ActiveCfg = Win10|x64
		{2F5C237B-4ABC-4C9A-A91E-E62B575DFEB9}.Win8.1 Release|ARM.Build.0 = Win10|x64
		{2F5C237B-4ABC-4C9A-A91E-E62B575DFEB9}.Win8.1 Release|ARM64.ActiveCfg = Win10|x64
		{2F5C237B-4ABC-4C9A-A91E-E62B575DFEB9}.Win8.1 Release|ARM64.Build.0 = Win10|x64
		{2F5C237B-4ABC-4C9A-A91E-E62B575DFEB9}.Win8.1 Release|x64.ActiveCfg = Release|x64
		{2F5C237B-4ABC-4C9A-A91E-E62B575DFEB9}.Win8.1 Release|x64.Build.0 = Release|x64
		{2F5C237B-4ABC-4C9A-A91E-E62B575DFEB9}.Win8.1 Release|x86.ActiveCfg = Release|Win32
		{2F5C237B-4ABC-4C9A-A91E-E62B575DFEB9}.Win8.1 Release|x86.Build.0 = Release|Win32
		{E274B735-145A-44C3-9ED3-A54A81D42709}.Debug|Any CPU.ActiveCfg = Debug|Win32
		{E274B735-145A-44C3-9ED3-A54A81D42709}.Debug|ARM.ActiveCfg = Debug|Win32
		{E274B735-145A-44C3-9ED3-A54A81D42709}.Debug|ARM64.ActiveCfg = Debug|Win32
		{E274B735-145A-44C3-9ED3-A54A81D42709}.Debug|x64.ActiveCfg = Debug|x64
		{E274B735-145A-44C3-9ED3-A54A81D42709}.Debug|x64.Build.0 = Debug|x64
		{E274B735-145A-44C3-9ED3-A54A81D42709}.Debug|x86.ActiveCfg = Debug|Win32
		{E274B735-145A-44C3-9ED3-A54A81D42709}.Debug|x86.Build.0 = Debug|Win32
		{E274B735-145A-44C3-9ED3-A54A81D42709}.Release|Any CPU.ActiveCfg = Release|Win32
		{E274B735-145A-44C3-9ED3-A54A81D42709}.Release|ARM.ActiveCfg = Release|Win32
		{E274B735-145A-44C3-9ED3-A54A81D42709}.Release|ARM64.ActiveCfg = Release|Win32
		{E274B735-145A-44C3-9ED3-A54A81D42709}.Release|x64.ActiveCfg = Release|x64
		{E274B735-145A-44C3-9ED3-A54A81D42709}.Release|x64.Build.0 = Release|x64
		{E274B735-145A-44C3-9ED3-A54A81D42709}.Release|x86.ActiveCfg = Release|Win32
		{E274B735-145A-44C3-9ED3-A54A81D42709}.Release|x86.Build.0 = Release|Win32
		{E274B735-145A-44C3-9ED3-A54A81D42709}.Win10|Any CPU.ActiveCfg = Win10|Win32
		{E274B735-145A-44C3-9ED3-A54A81D42709}.Win10|ARM.ActiveCfg = Win10|Win32
		{E274B735-145A-44C3-9ED3-A54A81D42709}.Win10|ARM64.ActiveCfg = Win10|Win32
		{E274B735-145A-44C3-9ED3-A54A81D42709}.Win10|x64.ActiveCfg = Debug|x64
		{E274B735-145A-44C3-9ED3-A54A81D42709}.Win10|x64.Build.0 = Debug|x64
		{E274B735-145A-44C3-9ED3-A54A81D42709}.Win10|x86.ActiveCfg = Win10|Win32
		{E274B735-145A-44C3-9ED3-A54A81D42709}.Win10|x86.Build.0 = Win10|Win32
		{E274B735-145A-44C3-9ED3-A54A81D42709}.Win7 Debug|Any CPU.ActiveCfg = Win10|x64
		{E274B735-145A-44C3-9ED3-A54A81D42709}.Win7 Debug|Any CPU.Build.0 = Win10|x64
		{E274B735-145A-44C3-9ED3-A54A81D42709}.Win7 Debug|ARM.ActiveCfg = Win10|x64
		{E274B735-145A-44C3-9ED3-A54A81D42709}.Win7 Debug|ARM.Build.0 = Win10|x64
		{E274B735-145A-44C3-9ED3-A54A81D42709}.Win7 Debug|ARM64.ActiveCfg = Win10|x64
		{E274B735-145A-44C3-9ED3-A54A81D42709}.Win7 Debug|ARM64.Build.0 = Win10|x64
		{E274B735-145A-44C3-9ED3-A54A81D42709}.Win7 Debug|x64.ActiveCfg = Debug|x64
		{E274B735-145A-44C3-9ED3-A54A81D42709}.Win7 Debug|x64.Build.0 = Debug|x64
		{E274B735-145A-44C3-9ED3-A54A81D42709}.Win7 Debug|x86.ActiveCfg = Debug|Win32
		{E274B735-145A-44C3-9ED3-A54A81D42709}.Win7 Debug|x86.Build.0 = Debug|Win32
		{E274B735-145A-44C3-9ED3-A54A81D42709}.Win7 Release|Any CPU.ActiveCfg = Win10|x64
		{E274B735-145A-44C3-9ED3-A54A81D42709}.Win7 Release|Any CPU.Build.0 = Win10|x64
		{E274B735-145A-44C3-9ED3-A54A81D42709}.Win7 Release|ARM.ActiveCfg = Win10|x64
		{E274B735-145A-44C3-9ED3-A54A81D42709}.Win7 Release|ARM.Build.0 = Win10|x64
		{E274B735-145A-44C3-9ED3-A54A81D42709}.Win7 Release|ARM64.ActiveCfg = Win10|x64
		{E274B735-145A-44C3-9ED3-A54A81D42709}.Win7 Release|ARM64.Build.0 = Win10|x64
		{E274B735-145A-44C3-9ED3-A54A81D42709}.Win7 Release|x64.ActiveCfg = Release|x64
		{E274B735-145A-44C3-9ED3-A54A81D42709}.Win7 Release|x64.Build.0 = Release|x64
		{E274B735-145A-44C3-9ED3-A54A81D42709}.Win7 Release|x86.ActiveCfg = Release|Win32
		{E274B735-145A-44C3-9ED3-A54A81D42709}.Win7 Release|x86.Build.0 = Release|Win32
		{E274B735-145A-44C3-9ED3-A54A81D42709}.Win8 Debug|Any CPU.ActiveCfg = Win10|x64
		{E274B735-145A-44C3-9ED3-A54A81D42709}.Win8 Debug|Any CPU.Build.0 = Win10|x64
		{E274B735-145A-44C3-9ED3-A54A81D42709}.Win8 Debug|ARM.ActiveCfg = Win10|x64
		{E274B735-145A-44C3-9ED3-A54A81D42709}.Win8 Debug|ARM.Build.0 = Win10|x64
		{E274B735-145A-44C3-9ED3-A54A81D42709}.Win8 Debug|ARM64.ActiveCfg = Win10|x64
		{E274B735-145A-44C3-9ED3-A54A81D42709}.Win8 Debug|ARM64.Build.0 = Win10|x64
		{E274B735-145A-44C3-9ED3-A54A81D42709}.Win8 Debug|x64.ActiveCfg = Debug|x64
		{E274B735-145A-44C3-9ED3-A54A81D42709}.Win8 Debug|x64.Build.0 = Debug|x64
		{E274B735-145A-44C3-9ED3-A54A81D42709}.Win8 Debug|x86.ActiveCfg = Debug|Win32
		{E274B735-145A-44C3-9ED3-A54A81D42709}.Win8 Debug|x86.Build.0 = Debug|Win32
		{E274B735-145A-44C3-9ED3-A54A81D42709}.Win8 Release|Any CPU.ActiveCfg = Win10|x64
		{E274B735-145A-44C3-9ED3-A54A81D42709}.Win8 Release|Any CPU.Build.0 = Win10|x64
		{E274B735-145A-44C3-9ED3-A54A81D42709}.Win8 Release|ARM.ActiveCfg = Win10|x64
		{E274B735-145A-44C3-9ED3-A54A81D42709}.Win8 Release|ARM.Build.0 = Win10|x64
		{E274B735-145A-44C3-9ED3-A54A81D42709}.Win8 Release|ARM64.ActiveCfg = Win10|x64
		{E274B735-145A-44C3-9ED3-A54A81D42709}.Win8 Release|ARM64.Build.0 = Win10|x64
		{E274B735-145A-44C3-9ED3-A54A81D42709}.Win8 Release|x64.ActiveCfg = Release|x64
		{E274B735-145A-44C3-9ED3-A54A81D42709}.Win8 Release|x64.Build.0 = Release|x64
		{E274B735-145A-44C3-9ED3-A54A81D42709}.Win8 Release|x86.ActiveCfg = Release|Win32
		{E274B735-145A-44C3-9ED3-A54A81D42709}.Win8 Release|x86.Build.0 = Release|Win32
		{E274B735-145A-44C3-9ED3-A54A81D42709}.Win8.1 Debug|Any CPU.ActiveCfg = Win10|x64
		{E274B735-145A-44C3-9ED3-A54A81D42709}.Win8.1 Debug|Any CPU.Build.0 = Win10|x64
		{E274B735-145A-44C3-9ED3-A54A81D42709}.Win8.1 Debug|ARM.ActiveCfg = Win10|x64
		{E274B735-145A-44C3-9ED3-A54A81D42709}.Win8.1 Debug|ARM.Build.0 = Win10|x64
		{E274B735-145A-44C3-9ED3-A54A81D42709}.Win8.1 Debug|ARM64.ActiveCfg = Win10|x64
		{E274B735-145A-44C3-9ED3-A54A81D42709}.Win8.1 Debug|ARM64.Build.0 = Win10|x64
		{E274B735-145A-44C3-9ED3-A54A81D42709}.Win8.1 Debug|x64.ActiveCfg = Debug|x64
		{E274B735-145A-44C3-9ED3-A54A81D42709}.Win8.1 Debug|x64.Build.0 = Debug|x64
		{E274B735-145A-44C3-9ED3-A54A81D42709}.Win8.1 Debug|x86.ActiveCfg = Debug|Win32
		{E274B735-145A-44C3-9ED3-A54A81D42709}.Win8.1 Debug|x86.Build.0 = Debug|Win32
		{E274B735-145A-44C3-9ED3-A54A81D42709}.Win8.1 Release|Any CPU.ActiveCfg = Win10|x64
		{E274B735-145A-44C3-9ED3-A54A81D42709}.Win8.1 Release|Any CPU.Build.0 = Win10|x64
		{E274B735-145A-44C3-9ED3-A54A81D42709}.Win8.1 Release|ARM.ActiveCfg = Win10|x64
		{E274B735-145A-44C3-9ED3-A54A81D42709}.Win8.1 Release|ARM.Build.0 = Win10|x64
		{E274B735-145A-44C3-9ED3-A54A81D42709}.Win8.1 Release|ARM64.ActiveCfg = Win10|x64
		{E274B735-145A-44C3-9ED3-A54A81D42709}.Win8.1 Release|ARM64.Build.0 = Win10|x64
		{E274B735-145A-44C3-9ED3-A54A81D42709}.Win8.1 Release|x64.ActiveCfg = Release|x64
		{E274B735-145A-44C3-9ED3-A54A81D42709}.Win8.1 Release|x64.Build.0 = Release|x64
		{E274B735-145A-44C3-9ED3-A54A81D42709}.Win8.1 Release|x86.ActiveCfg = Release|Win32
		{E274B735-145A-44C3-9ED3-A54A81D42709}.Win8.1 Release|x86.Build.0 = Release|Win32
		{136CF6BA-C7E5-4F16-914C-AF548D1BBED2}.Debug|Any CPU.ActiveCfg = Debug|Win32
		{136CF6BA-C7E5-4F16-914C-AF548D1BBED2}.Debug|ARM.ActiveCfg = Debug|Win32
		{136CF6BA-C7E5-4F16-914C-AF548D1BBED2}.Debug|ARM64.ActiveCfg = Debug|Win32
		{136CF6BA-C7E5-4F16-914C-AF548D1BBED2}.Debug|x64.ActiveCfg = Debug|x64
		{136CF6BA-C7E5-4F16-914C-AF548D1BBED2}.Debug|x64.Build.0 = Debug|x64
		{136CF6BA-C7E5-4F16-914C-AF548D1BBED2}.Debug|x86.ActiveCfg = Debug|Win32
		{136CF6BA-C7E5-4F16-914C-AF548D1BBED2}.Debug|x86.Build.0 = Debug|Win32
		{136CF6BA-C7E5-4F16-914C-AF548D1BBED2}.Release|Any CPU.ActiveCfg = Release|Win32
		{136CF6BA-C7E5-4F16-914C-AF548D1BBED2}.Release|ARM.ActiveCfg = Release|Win32
		{136CF6BA-C7E5-4F16-914C-AF548D1BBED2}.Release|ARM64.ActiveCfg = Release|Win32
		{136CF6BA-C7E5-4F16-914C-AF548D1BBED2}.Release|x64.ActiveCfg = Release|x64
		{136CF6BA-C7E5-4F16-914C-AF548D1BBED2}.Release|x64.Build.0 = Release|x64
		{136CF6BA-C7E5-4F16-914C-AF548D1BBED2}.Release|x86.ActiveCfg = Release|Win32
		{136CF6BA-C7E5-4F16-914C-AF548D1BBED2}.Release|x86.Build.0 = Release|Win32
		{136CF6BA-C7E5-4F16-914C-AF548D1BBED2}.Win10|Any CPU.ActiveCfg = Win10|Win32
		{136CF6BA-C7E5-4F16-914C-AF548D1BBED2}.Win10|ARM.ActiveCfg = Win10|Win32
		{136CF6BA-C7E5-4F16-914C-AF548D1BBED2}.Win10|ARM64.ActiveCfg = Win10|Win32
		{136CF6BA-C7E5-4F16-914C-AF548D1BBED2}.Win10|x64.ActiveCfg = Debug|x64
		{136CF6BA-C7E5-4F16-914C-AF548D1BBED2}.Win10|x64.Build.0 = Debug|x64
		{136CF6BA-C7E5-4F16-914C-AF548D1BBED2}.Win10|x86.ActiveCfg = Win10|Win32
		{136CF6BA-C7E5-4F16-914C-AF548D1BBED2}.Win10|x86.Build.0 = Win10|Win32
		{136CF6BA-C7E5-4F16-914C-AF548D1BBED2}.Win7 Debug|Any CPU.ActiveCfg = Win10|x64
		{136CF6BA-C7E5-4F16-914C-AF548D1BBED2}.Win7 Debug|Any CPU.Build.0 = Win10|x64
		{136CF6BA-C7E5-4F16-914C-AF548D1BBED2}.Win7 Debug|ARM.ActiveCfg = Win10|x64
		{136CF6BA-C7E5-4F16-914C-AF548D1BBED2}.Win7 Debug|ARM.Build.0 = Win10|x64
		{136CF6BA-C7E5-4F16-914C-AF548D1BBED2}.Win7 Debug|ARM64.ActiveCfg = Win10|x64
		{136CF6BA-C7E5-4F16-914C-AF548D1BBED2}.Win7 Debug|ARM64.Build.0 = Win10|x64
		{136CF6BA-C7E5-4F16-914C-AF548D1BBED2}.Win7 Debug|x64.ActiveCfg = Debug|x64
		{136CF6BA-C7E5-4F16-914C-AF548D1BBED2}.Win7 Debug|x64.Build.0 = Debug|x64
		{136CF6BA-C7E5-4F16-914C-AF548D1BBED2}.Win7 Debug|x86.ActiveCfg = Debug|Win32
		{136CF6BA-C7E5-4F16-914C-AF548D1BBED2}.Win7 Debug|x86.Build.0 = Debug|Win32
		{136CF6BA-C7E5-4F16-914C-AF548D1BBED2}.Win7 Release|Any CPU.ActiveCfg = Win10|x64
		{136CF6BA-C7E5-4F16-914C-AF548D1BBED2}.Win7 Release|Any CPU.Build.0 = Win10|x64
		{136CF6BA-C7E5-4F16-914C-AF548D1BBED2}.Win7 Release|ARM.ActiveCfg = Win10|x64
		{136CF6BA-C7E5-4F16-914C-AF548D1BBED2}.Win7 Release|ARM.Build.0 = Win10|x64
		{136CF6BA-C7E5-4F16-914C-AF548D1BBED2}.Win7 Release|ARM64.ActiveCfg = Win10|x64
		{136CF6BA-C7E5-4F16-914C-AF548D1BBED2}.Win7 Release|ARM64.Build.0 = Win10|x64
		{136CF6BA-C7E5-4F16-914C-AF548D1BBED2}.Win7 Release|x64.ActiveCfg = Release|x64
		{136CF6BA-C7E5-4F16-914C-AF548D1BBED2}.Win7 Release|x64.Build.0 = Release|x64
		{136CF6BA-C7E5-4F16-914C-AF548D1BBED2}.Win7 Release|x86.ActiveCfg = Release|Win32
		{136CF6BA-C7E5-4F16-914C-AF548D1BBED2}.Win7 Release|x86.Build.0 = Release|Win32
		{136CF6BA-C7E5-4F16-914C-AF548D1BBED2}.Win8 Debug|Any CPU.ActiveCfg = Win10|x64
		{136CF6BA-C7E5-4F16-914C-AF548D1BBED2}.Win8 Debug|Any CPU.Build.0 = Win10|x64
		{136CF6BA-C7E5-4F16-914C-AF548D1BBED2}.Win8 Debug|ARM.ActiveCfg = Win10|x64
		{136CF6BA-C7E5-4F16-914C-AF548D1BBED2}.Win8 Debug|ARM.Build.0 = Win10|x64
		{136CF6BA-C7E5-4F16-914C-AF548D1BBED2}.Win8 Debug|ARM64.ActiveCfg = Win10|x64
		{136CF6BA-C7E5-4F16-914C-AF548D1BBED2}.Win8 Debug|ARM64.Build.0 = Win10|x64
		{136CF6BA-C7E5-4F16-914C-AF548D1BBED2}.Win8 Debug|x64.ActiveCfg = Debug|x64
		{136CF6BA-C7E5-4F16-914C-AF548D1BBED2}.Win8 Debug|x64.Build.0 = Debug|x64
		{136CF6BA-C7E5-4F16-914C-AF548D1BBED2}.Win8 Debug|x86.ActiveCfg = Debug|Win32
		{136CF6BA-C7E5-4F16-914C-AF548D1BBED2}.Win8 Debug|x86.Build.0 = Debug|Win32
		{136CF6BA-C7E5-4F16-914C-AF548D1BBED2}.Win8 Release|Any CPU.ActiveCfg = Win10|x64
		{136CF6BA-C7E5-4F16-914C-AF548D1BBED2}.Win8 Release|Any CPU.Build.0 = Win10|x64
		{136CF6BA-C7E5-4F16-914C-AF548D1BBED2}.Win8 Release|ARM.ActiveCfg = Win10|x64
		{136CF6BA-C7E5-4F16-914C-AF548D1BBED2}.Win8 Release|ARM.Build.0 = Win10|x64
		{136CF6BA-C7E5-4F16-914C-AF548D1BBED2}.Win8 Release|ARM64.ActiveCfg = Win10|x64
		{136CF6BA-C7E5-4F16-914C-AF548D1BBED2}.Win8 Release|ARM64.Build.0 = Win10|x64
		{136CF6BA-C7E5-4F16-914C-AF548D1BBED2}.Win8 Release|x64.ActiveCfg = Release|x64
		{136CF6BA-C7E5-4F16-914C-AF548D1BBED2}.Win8 Release|x64.Build.0 = Release|x64
		{136CF6BA-C7E5-4F16-914C-AF548D1BBED2}.Win8 Release|x86.ActiveCfg = Release|Win32
		{136CF6BA-C7E5-4F16-914C-AF548D1BBED2}.Win8 Release|x86.Build.0 = Release|Win32
		{136CF6BA-C7E5-4F16-914C-AF548D1BBED2}.Win8.1 Debug|Any CPU.ActiveCfg = Win10|x64
		{136CF6BA-C7E5-4F16-914C-AF548D1BBED2}.Win8.1 Debug|Any CPU.Build.0 = Win10|x64
		{136CF6BA-C7E5-4F16-914C-AF548D1BBED2}.Win8.1 Debug|ARM.ActiveCfg = Win10|x64
		{136CF6BA-C7E5-4F16-914C-AF548D1BBED2}.Win8.1 Debug|ARM.Build.0 = Win10|x64
		{136CF6BA-C7E5-4F16-914C-AF548D1BBED2}.Win8.1 Debug|ARM64.ActiveCfg = Win10|x64
		{136CF6BA-C7E5-4F16-914C-AF548D1BBED2}.Win8.1 Debug|ARM64.Build.0 = Win10|x64
		{136CF6BA-C7E5-4F16-914C-AF548D1BBED2}.Win8.1 Debug|x64.ActiveCfg = Debug|x64
		{136CF6BA-C7E5-4F16-914C-AF548D1BBED2}.Win8.1 Debug|x64.Build.0 = Debug|x64
		{136CF6BA-C7E5-4F16-914C-AF548D1BBED2}.Win8.1 Debug|x86.ActiveCfg = Debug|Win32
		{136CF6BA-C7E5-4F16-914C-AF548D1BBED2}.Win8.1 Debug|x86.Build.0 = Debug|Win32
		{136CF6BA-C7E5-4F16-914C-AF548D1BBED2}.Win8.1 Release|Any CPU.ActiveCfg = Win10|x64
		{136CF6BA-C7E5-4F16-914C-AF548D1BBED2}.Win8.1 Release|Any CPU.Build.0 = Win10|x64
		{136CF6BA-C7E5-4F16-914C-AF548D1BBED2}.Win8.1 Release|ARM.ActiveCfg = Win10|x64
		{136CF6BA-C7E5-4F16-914C-AF548D1BBED2}.Win8.1 Release|ARM.Build.0 = Win10|x64
		{136CF6BA-C7E5-4F16-914C-AF548D1BBED2}.Win8.1 Release|ARM64.ActiveCfg = Win10|x64
		{136CF6BA-C7E5-4F16-914C-AF548D1BBED2}.Win8.1 Release|ARM64.Build.0 = Win10|x64
		{136CF6BA-C7E5-4F16-914C-AF548D1BBED2}.Win8.1 Release|x64.ActiveCfg = Release|x64
		{136CF6BA-C7E5-4F16-914C-AF548D1BBED2}.Win8.1 Release|x64.Build.0 = Release|x64
		{136CF6BA-C7E5-4F16-914C-AF548D1BBED2}.Win8.1 Release|x86.ActiveCfg = Release|Win32
		{136CF6BA-C7E5-4F16-914C-AF548D1BBED2}.Win8.1 Release|x86.Build.0 = Release|Win32
		{17F7E7A5-0FBF-4909-899D-6217DDAB5127}.Debug|Any CPU.ActiveCfg = Debug|Win32
		{17F7E7A5-0FBF-4909-899D-6217DDAB5127}.Debug|ARM.ActiveCfg = Debug|Win32
		{17F7E7A5-0FBF-4909-899D-6217DDAB5127}.Debug|ARM64.ActiveCfg = Debug|Win32
		{17F7E7A5-0FBF-4909-899D-6217DDAB5127}.Debug|x64.ActiveCfg = Debug|x64
		{17F7E7A5-0FBF-4909-899D-6217DDAB5127}.Debug|x64.Build.0 = Debug|x64
		{17F7E7A5-0FBF-4909-899D-6217DDAB5127}.Debug|x86.ActiveCfg = Debug|Win32
		{17F7E7A5-0FBF-4909-899D-6217DDAB5127}.Debug|x86.Build.0 = Debug|Win32
		{17F7E7A5-0FBF-4909-899D-6217DDAB5127}.Release|Any CPU.ActiveCfg = Release|Win32
		{17F7E7A5-0FBF-4909-899D-6217DDAB5127}.Release|ARM.ActiveCfg = Release|Win32
		{17F7E7A5-0FBF-4909-899D-6217DDAB5127}.Release|ARM64.ActiveCfg = Release|Win32
		{17F7E7A5-0FBF-4909-899D-6217DDAB5127}.Release|x64.ActiveCfg = Release|x64
		{17F7E7A5-0FBF-4909-899D-6217DDAB5127}.Release|x64.Build.0 = Release|x64
		{17F7E7A5-0FBF-4909-899D-6217DDAB5127}.Release|x86.ActiveCfg = Release|Win32
		{17F7E7A5-0FBF-4909-899D-6217DDAB5127}.Release|x86.Build.0 = Release|Win32
		{17F7E7A5-0FBF-4909-899D-6217DDAB5127}.Win10|Any CPU.ActiveCfg = Win10|Win32
		{17F7E7A5-0FBF-4909-899D-6217DDAB5127}.Win10|ARM.ActiveCfg = Win10|Win32
		{17F7E7A5-0FBF-4909-899D-6217DDAB5127}.Win10|ARM64.ActiveCfg = Win10|Win32
		{17F7E7A5-0FBF-4909-899D-6217DDAB5127}.Win10|x64.ActiveCfg = Debug|x64
		{17F7E7A5-0FBF-4909-899D-6217DDAB5127}.Win10|x64.Build.0 = Debug|x64
		{17F7E7A5-0FBF-4909-899D-6217DDAB5127}.Win10|x86.ActiveCfg = Win10|Win32
		{17F7E7A5-0FBF-4909-899D-6217DDAB5127}.Win10|x86.Build.0 = Win10|Win32
		{17F7E7A5-0FBF-4909-899D-6217DDAB5127}.Win7 Debug|Any CPU.ActiveCfg = Win10|x64
		{17F7E7A5-0FBF-4909-899D-6217DDAB5127}.Win7 Debug|Any CPU.Build.0 = Win10|x64
		{17F7E7A5-0FBF-4909-899D-6217DDAB5127}.Win7 Debug|ARM.ActiveCfg = Win10|x64
		{17F7E7A5-0FBF-4909-899D-6217DDAB5127}.Win7 Debug|ARM.Build.0 = Win10|x64
		{17F7E7A5-0FBF-4909-899D-6217DDAB5127}.Win7 Debug|ARM64.ActiveCfg = Win10|x64
		{17F7E7A5-0FBF-4909-899D-6217DDAB5127}.Win7 Debug|ARM64.Build.0 = Win10|x64
		{17F7E7A5-0FBF-4909-899D-6217DDAB5127}.Win7 Debug|x64.ActiveCfg = Debug|x64
		{17F7E7A5-0FBF-4909-899D-6217DDAB5127}.Win7 Debug|x64.Build.0 = Debug|x64
		{17F7E7A5-0FBF-4909-899D-6217DDAB5127}.Win7 Debug|x86.ActiveCfg = Debug|Win32
		{17F7E7A5-0FBF-4909-899D-6217DDAB5127}.Win7 Debug|x86.Build.0 = Debug|Win32
		{17F7E7A5-0FBF-4909-899D-6217DDAB5127}.Win7 Release|Any CPU.ActiveCfg = Win10|x64
		{17F7E7A5-0FBF-4909-899D-6217DDAB5127}.Win7 Release|Any CPU.Build.0 = Win10|x64
		{17F7E7A5-0FBF-4909-899D-6217DDAB5127}.Win7 Release|ARM.ActiveCfg = Win10|x64
		{17F7E7A5-0FBF-4909-899D-6217DDAB5127}.Win7 Release|ARM.Build.0 = Win10|x64
		{17F7E7A5-0FBF-4909-899D-6217DDAB5127}.Win7 Release|ARM64.ActiveCfg = Win10|x64
		{17F7E7A5-0FBF-4909-899D-6217DDAB5127}.Win7 Release|ARM64.Build.0 = Win10|x64
		{17F7E7A5-0FBF-4909-899D-6217DDAB5127}.Win7 Release|x64.ActiveCfg = Release|x64
		{17F7E7A5-0FBF-4909-899D-6217DDAB5127}.Win7 Release|x64.Build.0 = Release|x64
		{17F7E7A5-0FBF-4909-899D-6217DDAB5127}.Win7 Release|x86.ActiveCfg = Release|Win32
		{17F7E7A5-0FBF-4909-899D-6217DDAB5127}.Win7 Release|x86.Build.0 = Release|Win32
		{17F7E7A5-0FBF-4909-899D-6217DDAB5127}.Win8 Debug|Any CPU.ActiveCfg = Win10|x64
		{17F7E7A5-0FBF-4909-899D-6217DDAB5127}.Win8 Debug|Any CPU.Build.0 = Win10|x64
		{17F7E7A5-0FBF-4909-899D-6217DDAB5127}.Win8 Debug|ARM.ActiveCfg = Win10|x64
		{17F7E7A5-0FBF-4909-899D-6217DDAB5127}.Win8 Debug|ARM.Build.0 = Win10|x64
		{17F7E7A5-0FBF-4909-899D-6217DDAB5127}.Win8 Debug|ARM64.ActiveCfg = Win10|x64
		{17F7E7A5-0FBF-4909-899D-6217DDAB5127}.Win8 Debug|ARM64.Build.0 = Win10|x64
		{17F7E7A5-0FBF-4909-899D-6217DDAB5127}.Win8 Debug|x64.ActiveCfg = Debug|x64
		{17F7E7A5-0FBF-4909-899D-6217DDAB5127}.Win8 Debug|x64.Build.0 = Debug|x64
		{17F7E7A5-0FBF-4909-899D-6217DDAB5127}.Win8 Debug|x86.ActiveCfg = Debug|Win32
		{17F7E7A5-0FBF-4909-899D-6217DDAB5127}.Win8 Debug|x86.Build.0 = Debug|Win32
		{17F7E7A5-0FBF-4909-899D-6217DDAB5127}.Win8 Release|Any CPU.ActiveCfg = Win10|x64
		{17F7E7A5-0FBF-4909-899D-6217DDAB5127}.Win8 Release|Any CPU.Build.0 = Win10|x64
		{17F7E7A5-0FBF-4909-899D-6217DDAB5127}.Win8 Release|ARM.ActiveCfg = Win10|x64
		{17F7E7A5-0FBF-4909-899D-6217DDAB5127}.Win8 Release|ARM.Build.0 = Win10|x64
		{17F7E7A5-0FBF-4909-899D-6217DDAB5127}.Win8 Release|ARM64.ActiveCfg = Win10|x64
		{17F7E7A5-0FBF-4909-899D-6217DDAB5127}.Win8 Release|ARM64.Build.0 = Win10|x64
		{17F7E7A5-0FBF-4909-899D-6217DDAB5127}.Win8 Release|x64.ActiveCfg = Release|x64
		{17F7E7A5-0FBF-4909-899D-6217DDAB5127}.Win8 Release|x64.Build.0 = Release|x64
		{17F7E7A5-0FBF-4909-899D-6217DDAB5127}.Win8 Release|x86.ActiveCfg = Release|Win32
		{17F7E7A5-0FBF-4909-899D-6217DDAB5127}.Win8 Release|x86.Build.0 = Release|Win32
		{17F7E7A5-0FBF-4909-899D-6217DDAB5127}.Win8.1 Debug|Any CPU.ActiveCfg = Win10|x64
		{17F7E7A5-0FBF-4909-899D-6217DDAB5127}.Win8.1 Debug|Any CPU.Build.0 = Win10|x64
		{17F7E7A5-0FBF-4909-899D-6217DDAB5127}.Win8.1 Debug|ARM.ActiveCfg = Win10|x64
		{17F7E7A5-0FBF-4909-899D-6217DDAB5127}.Win8.1 Debug|ARM.Build.0 = Win10|x64
		{17F7E7A5-0FBF-4909-899D-6217DDAB5127}.Win8.1 Debug|ARM64.ActiveCfg = Win10|x64
		{17F7E7A5-0FBF-4909-899D-6217DDAB5127}.Win8.1 Debug|ARM64.Build.0 = Win10|x64
		{17F7E7A5-0FBF-4909-899D-6217DDAB5127}.Win8.1 Debug|x64.ActiveCfg = Debug|x64
		{17F7E7A5-0FBF-4909-899D-6217DDAB5127}.Win8.1 Debug|x64.Build.0 = Debug|x64
		{17F7E7A5-0FBF-4909-899D-6217DDAB5127}.Win8.1 Debug|x86.ActiveCfg = Debug|Win32
		{17F7E7A5-0FBF-4909-899D-6217DDAB5127}.Win8.1 Debug|x86.Build.0 = Debug|Win32
		{17F7E7A5-0FBF-4909-899D-6217DDAB5127}.Win8.1 Release|Any CPU.ActiveCfg = Win10|x64
		{17F7E7A5-0FBF-4909-899D-6217DDAB5127}.Win8.1 Release|Any CPU.Build.0 = Win10|x64
		{17F7E7A5-0FBF-4909-899D-6217DDAB5127}.Win8.1 Release|ARM.ActiveCfg = Win10|x64
		{17F7E7A5-0FBF-4909-899D-6217DDAB5127}.Win8.1 Release|ARM.Build.0 = Win10|x64
		{17F7E7A5-0FBF-4909-899D-6217DDAB5127}.Win8.1 Release|ARM64.ActiveCfg = Win10|x64
		{17F7E7A5-0FBF-4909-899D-6217DDAB5127}.Win8.1 Release|ARM64.Build.0 = Win10|x64
		{17F7E7A5-0FBF-4909-899D-6217DDAB5127}.Win8.1 Release|x64.ActiveCfg = Release|x64
		{17F7E7A5-0FBF-4909-899D-6217DDAB5127}.Win8.1 Release|x64.Build.0 = Release|x64
		{17F7E7A5-0FBF-4909-899D-6217DDAB5127}.Win8.1 Release|x86.ActiveCfg = Release|Win32
		{17F7E7A5-0FBF-4909-899D-6217DDAB5127}.Win8.1 Release|x86.Build.0 = Release|Win32
		{C0F7D115-E279-4C02-ACA1-1302DE7F864D}.Debug|Any CPU.ActiveCfg = Debug|Win32
		{C0F7D115-E279-4C02-ACA1-1302DE7F864D}.Debug|ARM.ActiveCfg = Debug|Win32
		{C0F7D115-E279-4C02-ACA1-1302DE7F864D}.Debug|ARM64.ActiveCfg = Debug|Win32
		{C0F7D115-E279-4C02-ACA1-1302DE7F864D}.Debug|x64.ActiveCfg = Debug|x64
		{C0F7D115-E279-4C02-ACA1-1302DE7F864D}.Debug|x64.Build.0 = Debug|x64
		{C0F7D115-E279-4C02-ACA1-1302DE7F864D}.Debug|x86.ActiveCfg = Debug|Win32
		{C0F7D115-E279-4C02-ACA1-1302DE7F864D}.Debug|x86.Build.0 = Debug|Win32
		{C0F7D115-E279-4C02-ACA1-1302DE7F864D}.Release|Any CPU.ActiveCfg = Release|Win32
		{C0F7D115-E279-4C02-ACA1-1302DE7F864D}.Release|ARM.ActiveCfg = Release|Win32
		{C0F7D115-E279-4C02-ACA1-1302DE7F864D}.Release|ARM64.ActiveCfg = Release|Win32
		{C0F7D115-E279-4C02-ACA1-1302DE7F864D}.Release|x64.ActiveCfg = Release|x64
		{C0F7D115-E279-4C02-ACA1-1302DE7F864D}.Release|x64.Build.0 = Release|x64
		{C0F7D115-E279-4C02-ACA1-1302DE7F864D}.Release|x86.ActiveCfg = Release|Win32
		{C0F7D115-E279-4C02-ACA1-1302DE7F864D}.Release|x86.Build.0 = Release|Win32
		{C0F7D115-E279-4C02-ACA1-1302DE7F864D}.Win10|Any CPU.ActiveCfg = Win10|Win32
		{C0F7D115-E279-4C02-ACA1-1302DE7F864D}.Win10|ARM.ActiveCfg = Win10|Win32
		{C0F7D115-E279-4C02-ACA1-1302DE7F864D}.Win10|ARM64.ActiveCfg = Win10|Win32
		{C0F7D115-E279-4C02-ACA1-1302DE7F864D}.Win10|x64.ActiveCfg = Debug|x64
		{C0F7D115-E279-4C02-ACA1-1302DE7F864D}.Win10|x64.Build.0 = Debug|x64
		{C0F7D115-E279-4C02-ACA1-1302DE7F864D}.Win10|x86.ActiveCfg = Win10|Win32
		{C0F7D115-E279-4C02-ACA1-1302DE7F864D}.Win10|x86.Build.0 = Win10|Win32
		{C0F7D115-E279-4C02-ACA1-1302DE7F864D}.Win7 Debug|Any CPU.ActiveCfg = Win10|x64
		{C0F7D115-E279-4C02-ACA1-1302DE7F864D}.Win7 Debug|Any CPU.Build.0 = Win10|x64
		{C0F7D115-E279-4C02-ACA1-1302DE7F864D}.Win7 Debug|ARM.ActiveCfg = Win10|x64
		{C0F7D115-E279-4C02-ACA1-1302DE7F864D}.Win7 Debug|ARM.Build.0 = Win10|x64
		{C0F7D115-E279-4C02-ACA1-1302DE7F864D}.Win7 Debug|ARM64.ActiveCfg = Win10|x64
		{C0F7D115-E279-4C02-ACA1-1302DE7F864D}.Win7 Debug|ARM64.Build.0 = Win10|x64
		{C0F7D115-E279-4C02-ACA1-1302DE7F864D}.Win7 Debug|x64.ActiveCfg = Debug|x64
		{C0F7D115-E279-4C02-ACA1-1302DE7F864D}.Win7 Debug|x64.Build.0 = Debug|x64
		{C0F7D115-E279-4C02-ACA1-1302DE7F864D}.Win7 Debug|x86.ActiveCfg = Debug|Win32
		{C0F7D115-E279-4C02-ACA1-1302DE7F864D}.Win7 Debug|x86.Build.0 = Debug|Win32
		{C0F7D115-E279-4C02-ACA1-1302DE7F864D}.Win7 Release|Any CPU.ActiveCfg = Win10|x64
		{C0F7D115-E279-4C02-ACA1-1302DE7F864D}.Win7 Release|Any CPU.Build.0 = Win10|x64
		{C0F7D115-E279-4C02-ACA1-1302DE7F864D}.Win7 Release|ARM.ActiveCfg = Win10|x64
		{C0F7D115-E279-4C02-ACA1-1302DE7F864D}.Win7 Release|ARM.Build.0 = Win10|x64
		{C0F7D115-E279-4C02-ACA1-1302DE7F864D}.Win7 Release|ARM64.ActiveCfg = Win10|x64
		{C0F7D115-E279-4C02-ACA1-1302DE7F864D}.Win7 Release|ARM64.Build.0 = Win10|x64
		{C0F7D115-E279-4C02-ACA1-1302DE7F864D}.Win7 Release|x64.ActiveCfg = Release|x64
		{C0F7D115-E279-4C02-ACA1-1302DE7F864D}.Win7 Release|x64.Build.0 = Release|x64
		{C0F7D115-E279-4C02-ACA1-1302DE7F864D}.Win7 Release|x86.ActiveCfg = Release|Win32
		{C0F7D115-E279-4C02-ACA1-1302DE7F864D}.Win7 Release|x86.Build.0 = Release|Win32
		{C0F7D115-E279-4C02-ACA1-1302DE7F864D}.Win8 Debug|Any CPU.ActiveCfg = Win10|x64
		{C0F7D115-E279-4C02-ACA1-1302DE7F864D}.Win8 Debug|Any CPU.Build.0 = Win10|x64
		{C0F7D115-E279-4C02-ACA1-1302DE7F864D}.Win8 Debug|ARM.ActiveCfg = Win10|x64
		{C0F7D115-E279-4C02-ACA1-1302DE7F864D}.Win8 Debug|ARM.Build.0 = Win10|x64
		{C0F7D115-E279-4C02-ACA1-1302DE7F864D}.Win8 Debug|ARM64.ActiveCfg = Win10|x64
		{C0F7D115-E279-4C02-ACA1-1302DE7F864D}.Win8 Debug|ARM64.Build.0 = Win10|x64
		{C0F7D115-E279-4C02-ACA1-1302DE7F864D}.Win8 Debug|x64.ActiveCfg = Debug|x64
		{C0F7D115-E279-4C02-ACA1-1302DE7F864D}.Win8 Debug|x64.Build.0 = Debug|x64
		{C0F7D115-E279-4C02-ACA1-1302DE7F864D}.Win8 Debug|x86.ActiveCfg = Debug|Win32
		{C0F7D115-E279-4C02-ACA1-1302DE7F864D}.Win8 Debug|x86.Build.0 = Debug|Win32
		{C0F7D115-E279-4C02-ACA1-1302DE7F864D}.Win8 Release|Any CPU.ActiveCfg = Win10|x64
		{C0F7D115-E279-4C02-ACA1-1302DE7F864D}.Win8 Release|Any CPU.Build.0 = Win10|x64
		{C0F7D115-E279-4C02-ACA1-1302DE7F864D}.Win8 Release|ARM.ActiveCfg = Win10|x64
		{C0F7D115-E279-4C02-ACA1-1302DE7F864D}.Win8 Release|ARM.Build.0 = Win10|x64
		{C0F7D115-E279-4C02-ACA1-1302DE7F864D}.Win8 Release|ARM64.ActiveCfg = Win10|x64
		{C0F7D115-E279-4C02-ACA1-1302DE7F864D}.Win8 Release|ARM64.Build.0 = Win10|x64
		{C0F7D115-E279-4C02-ACA1-1302DE7F864D}.Win8 Release|x64.ActiveCfg = Release|x64
		{C0F7D115-E279-4C02-ACA1-1302DE7F864D}.Win8 Release|x64.Build.0 = Release|x64
		{C0F7D115-E279-4C02-ACA1-1302DE7F864D}.Win8 Release|x86.ActiveCfg = Release|Win32
		{C0F7D115-E279-4C02-ACA1-1302DE7F864D}.Win8 Release|x86.Build.0 = Release|Win32
		{C0F7D115-E279-4C02-ACA1-1302DE7F864D}.Win8.1 Debug|Any CPU.ActiveCfg = Win10|x64
		{C0F7D115-E279-4C02-ACA1-1302DE7F864D}.Win8.1 Debug|Any CPU.Build.0 = Win10|x64
		{C0F7D115-E279-4C02-ACA1-1302DE7F864D}.Win8.1 Debug|ARM.ActiveCfg = Win10|x64
		{C0F7D115-E279-4C02-ACA1-1302DE7F864D}.Win8.1 Debug|ARM.Build.0 = Win10|x64
		{C0F7D115-E279-4C02-ACA1-1302DE7F864D}.Win8.1 Debug|ARM64.ActiveCfg = Win10|x64
		{C0F7D115-E279-4C02-ACA1-1302DE7F864D}.Win8.1 Debug|ARM64.Build.0 = Win10|x64
		{C0F7D115-E279-4C02-ACA1-1302DE7F864D}.Win8.1 Debug|x64.ActiveCfg = Debug|x64
		{C0F7D115-E279-4C02-ACA1-1302DE7F864D}.Win8.1 Debug|x64.Build.0 = Debug|x64
		{C0F7D115-E279-4C02-ACA1-1302DE7F864D}.Win8.1 Debug|x86.ActiveCfg = Debug|Win32
		{C0F7D115-E279-4C02-ACA1-1302DE7F864D}.Win8.1 Debug|x86.Build.0 = Debug|Win32
		{C0F7D115-E279-4C02-ACA1-1302DE7F864D}.Win8.1 Release|Any CPU.ActiveCfg = Win10|x64
		{C0F7D115-E279-4C02-ACA1-1302DE7F864D}.Win8.1 Release|Any CPU.Build.0 = Win10|x64
		{C0F7D115-E279-4C02-ACA1-1302DE7F864D}.Win8.1 Release|ARM.ActiveCfg = Win10|x64
		{C0F7D115-E279-4C02-ACA1-1302DE7F864D}.Win8.1 Release|ARM.Build.0 = Win10|x64
		{C0F7D115-E279-4C02-ACA1-1302DE7F864D}.Win8.1 Release|ARM64.ActiveCfg = Win10|x64
		{C0F7D115-E279-4C02-ACA1-1302DE7F864D}.Win8.1 Release|ARM64.Build.0 = Win10|x64
		{C0F7D115-E279-4C02-ACA1-1302DE7F864D}.Win8.1 Release|x64.ActiveCfg = Release|x64
		{C0F7D115-E279-4C02-ACA1-1302DE7F864D}.Win8.1 Release|x64.Build.0 = Release|x64
		{C0F7D115-E279-4C02-ACA1-1302DE7F864D}.Win8.1 Release|x86.ActiveCfg = Release|Win32
		{C0F7D115-E279-4C02-ACA1-1302DE7F864D}.Win8.1 Release|x86.Build.0 = Release|Win32
		{3987AE48-F567-4189-BFE5-AA58D5749584}.Debug|Any CPU.ActiveCfg = Debug|Win32
		{3987AE48-F567-4189-BFE5-AA58D5749584}.Debug|ARM.ActiveCfg = Debug|ARM
		{3987AE48-F567-4189-BFE5-AA58D5749584}.Debug|ARM.Build.0 = Debug|ARM
		{3987AE48-F567-4189-BFE5-AA58D5749584}.Debug|ARM.Deploy.0 = Debug|ARM
		{3987AE48-F567-4189-BFE5-AA58D5749584}.Debug|ARM64.ActiveCfg = Debug|ARM64
		{3987AE48-F567-4189-BFE5-AA58D5749584}.Debug|ARM64.Build.0 = Debug|ARM64
		{3987AE48-F567-4189-BFE5-AA58D5749584}.Debug|ARM64.Deploy.0 = Debug|ARM64
		{3987AE48-F567-4189-BFE5-AA58D5749584}.Debug|x64.ActiveCfg = Debug|x64
		{3987AE48-F567-4189-BFE5-AA58D5749584}.Debug|x64.Build.0 = Debug|x64
		{3987AE48-F567-4189-BFE5-AA58D5749584}.Debug|x64.Deploy.0 = Debug|x64
		{3987AE48-F567-4189-BFE5-AA58D5749584}.Debug|x86.ActiveCfg = Debug|Win32
		{3987AE48-F567-4189-BFE5-AA58D5749584}.Debug|x86.Build.0 = Debug|Win32
		{3987AE48-F567-4189-BFE5-AA58D5749584}.Debug|x86.Deploy.0 = Debug|Win32
		{3987AE48-F567-4189-BFE5-AA58D5749584}.Release|Any CPU.ActiveCfg = Release|Win32
		{3987AE48-F567-4189-BFE5-AA58D5749584}.Release|ARM.ActiveCfg = Release|ARM
		{3987AE48-F567-4189-BFE5-AA58D5749584}.Release|ARM.Build.0 = Release|ARM
		{3987AE48-F567-4189-BFE5-AA58D5749584}.Release|ARM.Deploy.0 = Release|ARM
		{3987AE48-F567-4189-BFE5-AA58D5749584}.Release|ARM64.ActiveCfg = Release|ARM64
		{3987AE48-F567-4189-BFE5-AA58D5749584}.Release|ARM64.Build.0 = Release|ARM64
		{3987AE48-F567-4189-BFE5-AA58D5749584}.Release|ARM64.Deploy.0 = Release|ARM64
		{3987AE48-F567-4189-BFE5-AA58D5749584}.Release|x64.ActiveCfg = Release|x64
		{3987AE48-F567-4189-BFE5-AA58D5749584}.Release|x64.Build.0 = Release|x64
		{3987AE48-F567-4189-BFE5-AA58D5749584}.Release|x64.Deploy.0 = Release|x64
		{3987AE48-F567-4189-BFE5-AA58D5749584}.Release|x86.ActiveCfg = Release|Win32
		{3987AE48-F567-4189-BFE5-AA58D5749584}.Release|x86.Build.0 = Release|Win32
		{3987AE48-F567-4189-BFE5-AA58D5749584}.Release|x86.Deploy.0 = Release|Win32
		{3987AE48-F567-4189-BFE5-AA58D5749584}.Win10|Any CPU.ActiveCfg = Debug|x64
		{3987AE48-F567-4189-BFE5-AA58D5749584}.Win10|Any CPU.Build.0 = Debug|x64
		{3987AE48-F567-4189-BFE5-AA58D5749584}.Win10|Any CPU.Deploy.0 = Debug|x64
		{3987AE48-F567-4189-BFE5-AA58D5749584}.Win10|ARM.ActiveCfg = Debug|ARM
		{3987AE48-F567-4189-BFE5-AA58D5749584}.Win10|ARM.Build.0 = Debug|ARM
		{3987AE48-F567-4189-BFE5-AA58D5749584}.Win10|ARM.Deploy.0 = Debug|ARM
		{3987AE48-F567-4189-BFE5-AA58D5749584}.Win10|ARM64.ActiveCfg = Debug|ARM64
		{3987AE48-F567-4189-BFE5-AA58D5749584}.Win10|ARM64.Build.0 = Debug|ARM64
		{3987AE48-F567-4189-BFE5-AA58D5749584}.Win10|ARM64.Deploy.0 = Debug|ARM64
		{3987AE48-F567-4189-BFE5-AA58D5749584}.Win10|x64.ActiveCfg = Debug|x64
		{3987AE48-F567-4189-BFE5-AA58D5749584}.Win10|x64.Build.0 = Debug|x64
		{3987AE48-F567-4189-BFE5-AA58D5749584}.Win10|x64.Deploy.0 = Debug|x64
		{3987AE48-F567-4189-BFE5-AA58D5749584}.Win10|x86.ActiveCfg = Debug|Win32
		{3987AE48-F567-4189-BFE5-AA58D5749584}.Win10|x86.Build.0 = Debug|Win32
		{3987AE48-F567-4189-BFE5-AA58D5749584}.Win10|x86.Deploy.0 = Debug|Win32
		{3987AE48-F567-4189-BFE5-AA58D5749584}.Win7 Debug|Any CPU.ActiveCfg = Release|x64
		{3987AE48-F567-4189-BFE5-AA58D5749584}.Win7 Debug|Any CPU.Build.0 = Release|x64
		{3987AE48-F567-4189-BFE5-AA58D5749584}.Win7 Debug|Any CPU.Deploy.0 = Release|x64
		{3987AE48-F567-4189-BFE5-AA58D5749584}.Win7 Debug|ARM.ActiveCfg = Debug|ARM
		{3987AE48-F567-4189-BFE5-AA58D5749584}.Win7 Debug|ARM.Build.0 = Debug|ARM
		{3987AE48-F567-4189-BFE5-AA58D5749584}.Win7 Debug|ARM.Deploy.0 = Debug|ARM
		{3987AE48-F567-4189-BFE5-AA58D5749584}.Win7 Debug|ARM64.ActiveCfg = Debug|ARM64
		{3987AE48-F567-4189-BFE5-AA58D5749584}.Win7 Debug|ARM64.Build.0 = Debug|ARM64
		{3987AE48-F567-4189-BFE5-AA58D5749584}.Win7 Debug|ARM64.Deploy.0 = Debug|ARM64
		{3987AE48-F567-4189-BFE5-AA58D5749584}.Win7 Debug|x64.ActiveCfg = Debug|x64
		{3987AE48-F567-4189-BFE5-AA58D5749584}.Win7 Debug|x64.Build.0 = Debug|x64
		{3987AE48-F567-4189-BFE5-AA58D5749584}.Win7 Debug|x64.Deploy.0 = Debug|x64
		{3987AE48-F567-4189-BFE5-AA58D5749584}.Win7 Debug|x86.ActiveCfg = Debug|Win32
		{3987AE48-F567-4189-BFE5-AA58D5749584}.Win7 Debug|x86.Build.0 = Debug|Win32
		{3987AE48-F567-4189-BFE5-AA58D5749584}.Win7 Debug|x86.Deploy.0 = Debug|Win32
		{3987AE48-F567-4189-BFE5-AA58D5749584}.Win7 Release|Any CPU.ActiveCfg = Release|x64
		{3987AE48-F567-4189-BFE5-AA58D5749584}.Win7 Release|Any CPU.Build.0 = Release|x64
		{3987AE48-F567-4189-BFE5-AA58D5749584}.Win7 Release|Any CPU.Deploy.0 = Release|x64
		{3987AE48-F567-4189-BFE5-AA58D5749584}.Win7 Release|ARM.ActiveCfg = Release|ARM
		{3987AE48-F567-4189-BFE5-AA58D5749584}.Win7 Release|ARM.Build.0 = Release|ARM
		{3987AE48-F567-4189-BFE5-AA58D5749584}.Win7 Release|ARM.Deploy.0 = Release|ARM
		{3987AE48-F567-4189-BFE5-AA58D5749584}.Win7 Release|ARM64.ActiveCfg = Release|ARM64
		{3987AE48-F567-4189-BFE5-AA58D5749584}.Win7 Release|ARM64.Build.0 = Release|ARM64
		{3987AE48-F567-4189-BFE5-AA58D5749584}.Win7 Release|ARM64.Deploy.0 = Release|ARM64
		{3987AE48-F567-4189-BFE5-AA58D5749584}.Win7 Release|x64.ActiveCfg = Release|x64
		{3987AE48-F567-4189-BFE5-AA58D5749584}.Win7 Release|x64.Build.0 = Release|x64
		{3987AE48-F567-4189-BFE5-AA58D5749584}.Win7 Release|x64.Deploy.0 = Release|x64
		{3987AE48-F567-4189-BFE5-AA58D5749584}.Win7 Release|x86.ActiveCfg = Release|Win32
		{3987AE48-F567-4189-BFE5-AA58D5749584}.Win7 Release|x86.Build.0 = Release|Win32
		{3987AE48-F567-4189-BFE5-AA58D5749584}.Win7 Release|x86.Deploy.0 = Release|Win32
		{3987AE48-F567-4189-BFE5-AA58D5749584}.Win8 Debug|Any CPU.ActiveCfg = Release|x64
		{3987AE48-F567-4189-BFE5-AA58D5749584}.Win8 Debug|Any CPU.Build.0 = Release|x64
		{3987AE48-F567-4189-BFE5-AA58D5749584}.Win8 Debug|Any CPU.Deploy.0 = Release|x64
		{3987AE48-F567-4189-BFE5-AA58D5749584}.Win8 Debug|ARM.ActiveCfg = Debug|ARM
		{3987AE48-F567-4189-BFE5-AA58D5749584}.Win8 Debug|ARM.Build.0 = Debug|ARM
		{3987AE48-F567-4189-BFE5-AA58D5749584}.Win8 Debug|ARM.Deploy.0 = Debug|ARM
		{3987AE48-F567-4189-BFE5-AA58D5749584}.Win8 Debug|ARM64.ActiveCfg = Debug|ARM64
		{3987AE48-F567-4189-BFE5-AA58D5749584}.Win8 Debug|ARM64.Build.0 = Debug|ARM64
		{3987AE48-F567-4189-BFE5-AA58D5749584}.Win8 Debug|ARM64.Deploy.0 = Debug|ARM64
		{3987AE48-F567-4189-BFE5-AA58D5749584}.Win8 Debug|x64.ActiveCfg = Debug|x64
		{3987AE48-F567-4189-BFE5-AA58D5749584}.Win8 Debug|x64.Build.0 = Debug|x64
		{3987AE48-F567-4189-BFE5-AA58D5749584}.Win8 Debug|x64.Deploy.0 = Debug|x64
		{3987AE48-F567-4189-BFE5-AA58D5749584}.Win8 Debug|x86.ActiveCfg = Debug|Win32
		{3987AE48-F567-4189-BFE5-AA58D5749584}.Win8 Debug|x86.Build.0 = Debug|Win32
		{3987AE48-F567-4189-BFE5-AA58D5749584}.Win8 Debug|x86.Deploy.0 = Debug|Win32
		{3987AE48-F567-4189-BFE5-AA58D5749584}.Win8 Release|Any CPU.ActiveCfg = Release|x64
		{3987AE48-F567-4189-BFE5-AA58D5749584}.Win8 Release|Any CPU.Build.0 = Release|x64
		{3987AE48-F567-4189-BFE5-AA58D5749584}.Win8 Release|Any CPU.Deploy.0 = Release|x64
		{3987AE48-F567-4189-BFE5-AA58D5749584}.Win8 Release|ARM.ActiveCfg = Release|ARM
		{3987AE48-F567-4189-BFE5-AA58D5749584}.Win8 Release|ARM.Build.0 = Release|ARM
		{3987AE48-F567-4189-BFE5-AA58D5749584}.Win8 Release|ARM.Deploy.0 = Release|ARM
		{3987AE48-F567-4189-BFE5-AA58D5749584}.Win8 Release|ARM64.ActiveCfg = Release|ARM64
		{3987AE48-F567-4189-BFE5-AA58D5749584}.Win8 Release|ARM64.Build.0 = Release|ARM64
		{3987AE48-F567-4189-BFE5-AA58D5749584}.Win8 Release|ARM64.Deploy.0 = Release|ARM64
		{3987AE48-F567-4189-BFE5-AA58D5749584}.Win8 Release|x64.ActiveCfg = Release|x64
		{3987AE48-F567-4189-BFE5-AA58D5749584}.Win8 Release|x64.Build.0 = Release|x64
		{3987AE48-F567-4189-BFE5-AA58D5749584}.Win8 Release|x64.Deploy.0 = Release|x64
		{3987AE48-F567-4189-BFE5-AA58D5749584}.Win8 Release|x86.ActiveCfg = Release|Win32
		{3987AE48-F567-4189-BFE5-AA58D5749584}.Win8 Release|x86.Build.0 = Release|Win32
		{3987AE48-F567-4189-BFE5-AA58D5749584}.Win8 Release|x86.Deploy.0 = Release|Win32
		{3987AE48-F567-4189-BFE5-AA58D5749584}.Win8.1 Debug|Any CPU.ActiveCfg = Release|x64
		{3987AE48-F567-4189-BFE5-AA58D5749584}.Win8.1 Debug|Any CPU.Build.0 = Release|x64
		{3987AE48-F567-4189-BFE5-AA58D5749584}.Win8.1 Debug|Any CPU.Deploy.0 = Release|x64
		{3987AE48-F567-4189-BFE5-AA58D5749584}.Win8.1 Debug|ARM.ActiveCfg = Debug|ARM
		{3987AE48-F567-4189-BFE5-AA58D5749584}.Win8.1 Debug|ARM.Build.0 = Debug|ARM
		{3987AE48-F567-4189-BFE5-AA58D5749584}.Win8.1 Debug|ARM.Deploy.0 = Debug|ARM
		{3987AE48-F567-4189-BFE5-AA58D5749584}.Win8.1 Debug|ARM64.ActiveCfg = Debug|ARM64
		{3987AE48-F567-4189-BFE5-AA58D5749584}.Win8.1 Debug|ARM64.Build.0 = Debug|ARM64
		{3987AE48-F567-4189-BFE5-AA58D5749584}.Win8.1 Debug|ARM64.Deploy.0 = Debug|ARM64
		{3987AE48-F567-4189-BFE5-AA58D5749584}.Win8.1 Debug|x64.ActiveCfg = Debug|x64
		{3987AE48-F567-4189-BFE5-AA58D5749584}.Win8.1 Debug|x64.Build.0 = Debug|x64
		{3987AE48-F567-4189-BFE5-AA58D5749584}.Win8.1 Debug|x64.Deploy.0 = Debug|x64
		{3987AE48-F567-4189-BFE5-AA58D5749584}.Win8.1 Debug|x86.ActiveCfg = Debug|Win32
		{3987AE48-F567-4189-BFE5-AA58D5749584}.Win8.1 Debug|x86.Build.0 = Debug|Win32
		{3987AE48-F567-4189-BFE5-AA58D5749584}.Win8.1 Debug|x86.Deploy.0 = Debug|Win32
		{3987AE48-F567-4189-BFE5-AA58D5749584}.Win8.1 Release|Any CPU.ActiveCfg = Release|x64
		{3987AE48-F567-4189-BFE5-AA58D5749584}.Win8.1 Release|Any CPU.Build.0 = Release|x64
		{3987AE48-F567-4189-BFE5-AA58D5749584}.Win8.1 Release|Any CPU.Deploy.0 = Release|x64
		{3987AE48-F567-4189-BFE5-AA58D5749584}.Win8.1 Release|ARM.ActiveCfg = Release|ARM
		{3987AE48-F567-4189-BFE5-AA58D5749584}.Win8.1 Release|ARM.Build.0 = Release|ARM
		{3987AE48-F567-4189-BFE5-AA58D5749584}.Win8.1 Release|ARM.Deploy.0 = Release|ARM
		{3987AE48-F567-4189-BFE5-AA58D5749584}.Win8.1 Release|ARM64.ActiveCfg = Release|ARM64
		{3987AE48-F567-4189-BFE5-AA58D5749584}.Win8.1 Release|ARM64.Build.0 = Release|ARM64
		{3987AE48-F567-4189-BFE5-AA58D5749584}.Win8.1 Release|ARM64.Deploy.0 = Release|ARM64
		{3987AE48-F567-4189-BFE5-AA58D5749584}.Win8.1 Release|x64.ActiveCfg = Release|x64
		{3987AE48-F567-4189-BFE5-AA58D5749584}.Win8.1 Release|x64.Build.0 = Release|x64
		{3987AE48-F567-4189-BFE5-AA58D5749584}.Win8.1 Release|x64.Deploy.0 = Release|x64
		{3987AE48-F567-4189-BFE5-AA58D5749584}.Win8.1 Release|x86.ActiveCfg = Release|Win32
		{3987AE48-F567-4189-BFE5-AA58D5749584}.Win8.1 Release|x86.Build.0 = Release|Win32
		{3987AE48-F567-4189-BFE5-AA58D5749584}.Win8.1 Release|x86.Deploy.0 = Release|Win32
		{C1A88A9E-E5AC-4AC9-A938-73E7BFACDEFD}.Debug|Any CPU.ActiveCfg = Debug|Win32
		{C1A88A9E-E5AC-4AC9-A938-73E7BFACDEFD}.Debug|ARM.ActiveCfg = Debug|ARM
		{C1A88A9E-E5AC-4AC9-A938-73E7BFACDEFD}.Debug|ARM.Build.0 = Debug|ARM
		{C1A88A9E-E5AC-4AC9-A938-73E7BFACDEFD}.Debug|ARM.Deploy.0 = Debug|ARM
		{C1A88A9E-E5AC-4AC9-A938-73E7BFACDEFD}.Debug|ARM64.ActiveCfg = Debug|ARM64
		{C1A88A9E-E5AC-4AC9-A938-73E7BFACDEFD}.Debug|ARM64.Build.0 = Debug|ARM64
		{C1A88A9E-E5AC-4AC9-A938-73E7BFACDEFD}.Debug|ARM64.Deploy.0 = Debug|ARM64
		{C1A88A9E-E5AC-4AC9-A938-73E7BFACDEFD}.Debug|x64.ActiveCfg = Debug|x64
		{C1A88A9E-E5AC-4AC9-A938-73E7BFACDEFD}.Debug|x64.Build.0 = Debug|x64
		{C1A88A9E-E5AC-4AC9-A938-73E7BFACDEFD}.Debug|x64.Deploy.0 = Debug|x64
		{C1A88A9E-E5AC-4AC9-A938-73E7BFACDEFD}.Debug|x86.ActiveCfg = Debug|Win32
		{C1A88A9E-E5AC-4AC9-A938-73E7BFACDEFD}.Debug|x86.Build.0 = Debug|Win32
		{C1A88A9E-E5AC-4AC9-A938-73E7BFACDEFD}.Debug|x86.Deploy.0 = Debug|Win32
		{C1A88A9E-E5AC-4AC9-A938-73E7BFACDEFD}.Release|Any CPU.ActiveCfg = Release|Win32
		{C1A88A9E-E5AC-4AC9-A938-73E7BFACDEFD}.Release|ARM.ActiveCfg = Release|ARM
		{C1A88A9E-E5AC-4AC9-A938-73E7BFACDEFD}.Release|ARM.Build.0 = Release|ARM
		{C1A88A9E-E5AC-4AC9-A938-73E7BFACDEFD}.Release|ARM.Deploy.0 = Release|ARM
		{C1A88A9E-E5AC-4AC9-A938-73E7BFACDEFD}.Release|ARM64.ActiveCfg = Release|ARM64
		{C1A88A9E-E5AC-4AC9-A938-73E7BFACDEFD}.Release|ARM64.Build.0 = Release|ARM64
		{C1A88A9E-E5AC-4AC9-A938-73E7BFACDEFD}.Release|ARM64.Deploy.0 = Release|ARM64
		{C1A88A9E-E5AC-4AC9-A938-73E7BFACDEFD}.Release|x64.ActiveCfg = Release|x64
		{C1A88A9E-E5AC-4AC9-A938-73E7BFACDEFD}.Release|x64.Build.0 = Release|x64
		{C1A88A9E-E5AC-4AC9-A938-73E7BFACDEFD}.Release|x64.Deploy.0 = Release|x64
		{C1A88A9E-E5AC-4AC9-A938-73E7BFACDEFD}.Release|x86.ActiveCfg = Release|Win32
		{C1A88A9E-E5AC-4AC9-A938-73E7BFACDEFD}.Release|x86.Build.0 = Release|Win32
		{C1A88A9E-E5AC-4AC9-A938-73E7BFACDEFD}.Release|x86.Deploy.0 = Release|Win32
		{C1A88A9E-E5AC-4AC9-A938-73E7BFACDEFD}.Win10|Any CPU.ActiveCfg = Debug|x64
		{C1A88A9E-E5AC-4AC9-A938-73E7BFACDEFD}.Win10|Any CPU.Build.0 = Debug|x64
		{C1A88A9E-E5AC-4AC9-A938-73E7BFACDEFD}.Win10|Any CPU.Deploy.0 = Debug|x64
		{C1A88A9E-E5AC-4AC9-A938-73E7BFACDEFD}.Win10|ARM.ActiveCfg = Debug|ARM
		{C1A88A9E-E5AC-4AC9-A938-73E7BFACDEFD}.Win10|ARM.Build.0 = Debug|ARM
		{C1A88A9E-E5AC-4AC9-A938-73E7BFACDEFD}.Win10|ARM.Deploy.0 = Debug|ARM
		{C1A88A9E-E5AC-4AC9-A938-73E7BFACDEFD}.Win10|ARM64.ActiveCfg = Debug|ARM64
		{C1A88A9E-E5AC-4AC9-A938-73E7BFACDEFD}.Win10|ARM64.Build.0 = Debug|ARM64
		{C1A88A9E-E5AC-4AC9-A938-73E7BFACDEFD}.Win10|ARM64.Deploy.0 = Debug|ARM64
		{C1A88A9E-E5AC-4AC9-A938-73E7BFACDEFD}.Win10|x64.ActiveCfg = Debug|x64
		{C1A88A9E-E5AC-4AC9-A938-73E7BFACDEFD}.Win10|x64.Build.0 = Debug|x64
		{C1A88A9E-E5AC-4AC9-A938-73E7BFACDEFD}.Win10|x64.Deploy.0 = Debug|x64
		{C1A88A9E-E5AC-4AC9-A938-73E7BFACDEFD}.Win10|x86.ActiveCfg = Debug|Win32
		{C1A88A9E-E5AC-4AC9-A938-73E7BFACDEFD}.Win10|x86.Build.0 = Debug|Win32
		{C1A88A9E-E5AC-4AC9-A938-73E7BFACDEFD}.Win10|x86.Deploy.0 = Debug|Win32
		{C1A88A9E-E5AC-4AC9-A938-73E7BFACDEFD}.Win7 Debug|Any CPU.ActiveCfg = Debug|Win32
		{C1A88A9E-E5AC-4AC9-A938-73E7BFACDEFD}.Win7 Debug|Any CPU.Build.0 = Debug|Win32
		{C1A88A9E-E5AC-4AC9-A938-73E7BFACDEFD}.Win7 Debug|Any CPU.Deploy.0 = Debug|Win32
		{C1A88A9E-E5AC-4AC9-A938-73E7BFACDEFD}.Win7 Debug|ARM.ActiveCfg = Debug|ARM
		{C1A88A9E-E5AC-4AC9-A938-73E7BFACDEFD}.Win7 Debug|ARM.Build.0 = Debug|ARM
		{C1A88A9E-E5AC-4AC9-A938-73E7BFACDEFD}.Win7 Debug|ARM.Deploy.0 = Debug|ARM
		{C1A88A9E-E5AC-4AC9-A938-73E7BFACDEFD}.Win7 Debug|ARM64.ActiveCfg = Debug|ARM64
		{C1A88A9E-E5AC-4AC9-A938-73E7BFACDEFD}.Win7 Debug|ARM64.Build.0 = Debug|ARM64
		{C1A88A9E-E5AC-4AC9-A938-73E7BFACDEFD}.Win7 Debug|ARM64.Deploy.0 = Debug|ARM64
		{C1A88A9E-E5AC-4AC9-A938-73E7BFACDEFD}.Win7 Debug|x64.ActiveCfg = Debug|x64
		{C1A88A9E-E5AC-4AC9-A938-73E7BFACDEFD}.Win7 Debug|x64.Build.0 = Debug|x64
		{C1A88A9E-E5AC-4AC9-A938-73E7BFACDEFD}.Win7 Debug|x64.Deploy.0 = Debug|x64
		{C1A88A9E-E5AC-4AC9-A938-73E7BFACDEFD}.Win7 Debug|x86.ActiveCfg = Debug|Win32
		{C1A88A9E-E5AC-4AC9-A938-73E7BFACDEFD}.Win7 Debug|x86.Build.0 = Debug|Win32
		{C1A88A9E-E5AC-4AC9-A938-73E7BFACDEFD}.Win7 Debug|x86.Deploy.0 = Debug|Win32
		{C1A88A9E-E5AC-4AC9-A938-73E7BFACDEFD}.Win7 Release|Any CPU.ActiveCfg = Debug|Win32
		{C1A88A9E-E5AC-4AC9-A938-73E7BFACDEFD}.Win7 Release|Any CPU.Build.0 = Debug|Win32
		{C1A88A9E-E5AC-4AC9-A938-73E7BFACDEFD}.Win7 Release|Any CPU.Deploy.0 = Debug|Win32
		{C1A88A9E-E5AC-4AC9-A938-73E7BFACDEFD}.Win7 Release|ARM.ActiveCfg = Release|ARM
		{C1A88A9E-E5AC-4AC9-A938-73E7BFACDEFD}.Win7 Release|ARM.Build.0 = Release|ARM
		{C1A88A9E-E5AC-4AC9-A938-73E7BFACDEFD}.Win7 Release|ARM.Deploy.0 = Release|ARM
		{C1A88A9E-E5AC-4AC9-A938-73E7BFACDEFD}.Win7 Release|ARM64.ActiveCfg = Release|ARM64
		{C1A88A9E-E5AC-4AC9-A938-73E7BFACDEFD}.Win7 Release|ARM64.Build.0 = Release|ARM64
		{C1A88A9E-E5AC-4AC9-A938-73E7BFACDEFD}.Win7 Release|ARM64.Deploy.0 = Release|ARM64
		{C1A88A9E-E5AC-4AC9-A938-73E7BFACDEFD}.Win7 Release|x64.ActiveCfg = Release|x64
		{C1A88A9E-E5AC-4AC9-A938-73E7BFACDEFD}.Win7 Release|x64.Build.0 = Release|x64
		{C1A88A9E-E5AC-4AC9-A938-73E7BFACDEFD}.Win7 Release|x64.Deploy.0 = Release|x64
		{C1A88A9E-E5AC-4AC9-A938-73E7BFACDEFD}.Win7 Release|x86.ActiveCfg = Release|Win32
		{C1A88A9E-E5AC-4AC9-A938-73E7BFACDEFD}.Win7 Release|x86.Build.0 = Release|Win32
		{C1A88A9E-E5AC-4AC9-A938-73E7BFACDEFD}.Win7 Release|x86.Deploy.0 = Release|Win32
		{C1A88A9E-E5AC-4AC9-A938-73E7BFACDEFD}.Win8 Debug|Any CPU.ActiveCfg = Debug|Win32
		{C1A88A9E-E5AC-4AC9-A938-73E7BFACDEFD}.Win8 Debug|Any CPU.Build.0 = Debug|Win32
		{C1A88A9E-E5AC-4AC9-A938-73E7BFACDEFD}.Win8 Debug|Any CPU.Deploy.0 = Debug|Win32
		{C1A88A9E-E5AC-4AC9-A938-73E7BFACDEFD}.Win8 Debug|ARM.ActiveCfg = Debug|ARM
		{C1A88A9E-E5AC-4AC9-A938-73E7BFACDEFD}.Win8 Debug|ARM.Build.0 = Debug|ARM
		{C1A88A9E-E5AC-4AC9-A938-73E7BFACDEFD}.Win8 Debug|ARM.Deploy.0 = Debug|ARM
		{C1A88A9E-E5AC-4AC9-A938-73E7BFACDEFD}.Win8 Debug|ARM64.ActiveCfg = Debug|ARM64
		{C1A88A9E-E5AC-4AC9-A938-73E7BFACDEFD}.Win8 Debug|ARM64.Build.0 = Debug|ARM64
		{C1A88A9E-E5AC-4AC9-A938-73E7BFACDEFD}.Win8 Debug|ARM64.Deploy.0 = Debug|ARM64
		{C1A88A9E-E5AC-4AC9-A938-73E7BFACDEFD}.Win8 Debug|x64.ActiveCfg = Debug|x64
		{C1A88A9E-E5AC-4AC9-A938-73E7BFACDEFD}.Win8 Debug|x64.Build.0 = Debug|x64
		{C1A88A9E-E5AC-4AC9-A938-73E7BFACDEFD}.Win8 Debug|x64.Deploy.0 = Debug|x64
		{C1A88A9E-E5AC-4AC9-A938-73E7BFACDEFD}.Win8 Debug|x86.ActiveCfg = Debug|Win32
		{C1A88A9E-E5AC-4AC9-A938-73E7BFACDEFD}.Win8 Debug|x86.Build.0 = Debug|Win32
		{C1A88A9E-E5AC-4AC9-A938-73E7BFACDEFD}.Win8 Debug|x86.Deploy.0 = Debug|Win32
		{C1A88A9E-E5AC-4AC9-A938-73E7BFACDEFD}.Win8 Release|Any CPU.ActiveCfg = Debug|Win32
		{C1A88A9E-E5AC-4AC9-A938-73E7BFACDEFD}.Win8 Release|Any CPU.Build.0 = Debug|Win32
		{C1A88A9E-E5AC-4AC9-A938-73E7BFACDEFD}.Win8 Release|Any CPU.Deploy.0 = Debug|Win32
		{C1A88A9E-E5AC-4AC9-A938-73E7BFACDEFD}.Win8 Release|ARM.ActiveCfg = Release|ARM
		{C1A88A9E-E5AC-4AC9-A938-73E7BFACDEFD}.Win8 Release|ARM.Build.0 = Release|ARM
		{C1A88A9E-E5AC-4AC9-A938-73E7BFACDEFD}.Win8 Release|ARM.Deploy.0 = Release|ARM
		{C1A88A9E-E5AC-4AC9-A938-73E7BFACDEFD}.Win8 Release|ARM64.ActiveCfg = Release|ARM64
		{C1A88A9E-E5AC-4AC9-A938-73E7BFACDEFD}.Win8 Release|ARM64.Build.0 = Release|ARM64
		{C1A88A9E-E5AC-4AC9-A938-73E7BFACDEFD}.Win8 Release|ARM64.Deploy.0 = Release|ARM64
		{C1A88A9E-E5AC-4AC9-A938-73E7BFACDEFD}.Win8 Release|x64.ActiveCfg = Release|x64
		{C1A88A9E-E5AC-4AC9-A938-73E7BFACDEFD}.Win8 Release|x64.Build.0 = Release|x64
		{C1A88A9E-E5AC-4AC9-A938-73E7BFACDEFD}.Win8 Release|x64.Deploy.0 = Release|x64
		{C1A88A9E-E5AC-4AC9-A938-73E7BFACDEFD}.Win8 Release|x86.ActiveCfg = Release|Win32
		{C1A88A9E-E5AC-4AC9-A938-73E7BFACDEFD}.Win8 Release|x86.Build.0 = Release|Win32
		{C1A88A9E-E5AC-4AC9-A938-73E7BFACDEFD}.Win8 Release|x86.Deploy.0 = Release|Win32
		{C1A88A9E-E5AC-4AC9-A938-73E7BFACDEFD}.Win8.1 Debug|Any CPU.ActiveCfg = Debug|Win32
		{C1A88A9E-E5AC-4AC9-A938-73E7BFACDEFD}.Win8.1 Debug|Any CPU.Build.0 = Debug|Win32
		{C1A88A9E-E5AC-4AC9-A938-73E7BFACDEFD}.Win8.1 Debug|Any CPU.Deploy.0 = Debug|Win32
		{C1A88A9E-E5AC-4AC9-A938-73E7BFACDEFD}.Win8.1 Debug|ARM.ActiveCfg = Debug|ARM
		{C1A88A9E-E5AC-4AC9-A938-73E7BFACDEFD}.Win8.1 Debug|ARM.Build.0 = Debug|ARM
		{C1A88A9E-E5AC-4AC9-A938-73E7BFACDEFD}.Win8.1 Debug|ARM.Deploy.0 = Debug|ARM
		{C1A88A9E-E5AC-4AC9-A938-73E7BFACDEFD}.Win8.1 Debug|ARM64.ActiveCfg = Debug|ARM64
		{C1A88A9E-E5AC-4AC9-A938-73E7BFACDEFD}.Win8.1 Debug|ARM64.Build.0 = Debug|ARM64
		{C1A88A9E-E5AC-4AC9-A938-73E7BFACDEFD}.Win8.1 Debug|ARM64.Deploy.0 = Debug|ARM64
		{C1A88A9E-E5AC-4AC9-A938-73E7BFACDEFD}.Win8.1 Debug|x64.ActiveCfg = Debug|x64
		{C1A88A9E-E5AC-4AC9-A938-73E7BFACDEFD}.Win8.1 Debug|x64.Build.0 = Debug|x64
		{C1A88A9E-E5AC-4AC9-A938-73E7BFACDEFD}.Win8.1 Debug|x64.Deploy.0 = Debug|x64
		{C1A88A9E-E5AC-4AC9-A938-73E7BFACDEFD}.Win8.1 Debug|x86.ActiveCfg = Debug|Win32
		{C1A88A9E-E5AC-4AC9-A938-73E7BFACDEFD}.Win8.1 Debug|x86.Build.0 = Debug|Win32
		{C1A88A9E-E5AC-4AC9-A938-73E7BFACDEFD}.Win8.1 Debug|x86.Deploy.0 = Debug|Win32
		{C1A88A9E-E5AC-4AC9-A938-73E7BFACDEFD}.Win8.1 Release|Any CPU.ActiveCfg = Debug|Win32
		{C1A88A9E-E5AC-4AC9-A938-73E7BFACDEFD}.Win8.1 Release|Any CPU.Build.0 = Debug|Win32
		{C1A88A9E-E5AC-4AC9-A938-73E7BFACDEFD}.Win8.1 Release|Any CPU.Deploy.0 = Debug|Win32
		{C1A88A9E-E5AC-4AC9-A938-73E7BFACDEFD}.Win8.1 Release|ARM.ActiveCfg = Release|ARM
		{C1A88A9E-E5AC-4AC9-A938-73E7BFACDEFD}.Win8.1 Release|ARM.Build.0 = Release|ARM
		{C1A88A9E-E5AC-4AC9-A938-73E7BFACDEFD}.Win8.1 Release|ARM.Deploy.0 = Release|ARM
		{C1A88A9E-E5AC-4AC9-A938-73E7BFACDEFD}.Win8.1 Release|ARM64.ActiveCfg = Release|ARM64
		{C1A88A9E-E5AC-4AC9-A938-73E7BFACDEFD}.Win8.1 Release|ARM64.Build.0 = Release|ARM64
		{C1A88A9E-E5AC-4AC9-A938-73E7BFACDEFD}.Win8.1 Release|ARM64.Deploy.0 = Release|ARM64
		{C1A88A9E-E5AC-4AC9-A938-73E7BFACDEFD}.Win8.1 Release|x64.ActiveCfg = Release|x64
		{C1A88A9E-E5AC-4AC9-A938-73E7BFACDEFD}.Win8.1 Release|x64.Build.0 = Release|x64
		{C1A88A9E-E5AC-4AC9-A938-73E7BFACDEFD}.Win8.1 Release|x64.Deploy.0 = Release|x64
		{C1A88A9E-E5AC-4AC9-A938-73E7BFACDEFD}.Win8.1 Release|x86.ActiveCfg = Release|Win32
		{C1A88A9E-E5AC-4AC9-A938-73E7BFACDEFD}.Win8.1 Release|x86.Build.0 = Release|Win32
		{C1A88A9E-E5AC-4AC9-A938-73E7BFACDEFD}.Win8.1 Release|x86.Deploy.0 = Release|Win32
		{A6ECDAAC-B576-4E13-9919-53E8AE07205F}.Debug|Any CPU.ActiveCfg = Debug|Win32
		{A6ECDAAC-B576-4E13-9919-53E8AE07205F}.Debug|ARM.ActiveCfg = Debug|ARM
		{A6ECDAAC-B576-4E13-9919-53E8AE07205F}.Debug|ARM.Build.0 = Debug|ARM
		{A6ECDAAC-B576-4E13-9919-53E8AE07205F}.Debug|ARM.Deploy.0 = Debug|ARM
		{A6ECDAAC-B576-4E13-9919-53E8AE07205F}.Debug|ARM64.ActiveCfg = Debug|ARM64
		{A6ECDAAC-B576-4E13-9919-53E8AE07205F}.Debug|ARM64.Build.0 = Debug|ARM64
		{A6ECDAAC-B576-4E13-9919-53E8AE07205F}.Debug|ARM64.Deploy.0 = Debug|ARM64
		{A6ECDAAC-B576-4E13-9919-53E8AE07205F}.Debug|x64.ActiveCfg = Debug|x64
		{A6ECDAAC-B576-4E13-9919-53E8AE07205F}.Debug|x64.Build.0 = Debug|x64
		{A6ECDAAC-B576-4E13-9919-53E8AE07205F}.Debug|x64.Deploy.0 = Debug|x64
		{A6ECDAAC-B576-4E13-9919-53E8AE07205F}.Debug|x86.ActiveCfg = Debug|Win32
		{A6ECDAAC-B576-4E13-9919-53E8AE07205F}.Debug|x86.Build.0 = Debug|Win32
		{A6ECDAAC-B576-4E13-9919-53E8AE07205F}.Debug|x86.Deploy.0 = Debug|Win32
		{A6ECDAAC-B576-4E13-9919-53E8AE07205F}.Release|Any CPU.ActiveCfg = Release|Win32
		{A6ECDAAC-B576-4E13-9919-53E8AE07205F}.Release|ARM.ActiveCfg = Release|ARM
		{A6ECDAAC-B576-4E13-9919-53E8AE07205F}.Release|ARM.Build.0 = Release|ARM
		{A6ECDAAC-B576-4E13-9919-53E8AE07205F}.Release|ARM.Deploy.0 = Release|ARM
		{A6ECDAAC-B576-4E13-9919-53E8AE07205F}.Release|ARM64.ActiveCfg = Release|ARM64
		{A6ECDAAC-B576-4E13-9919-53E8AE07205F}.Release|ARM64.Build.0 = Release|ARM64
		{A6ECDAAC-B576-4E13-9919-53E8AE07205F}.Release|ARM64.Deploy.0 = Release|ARM64
		{A6ECDAAC-B576-4E13-9919-53E8AE07205F}.Release|x64.ActiveCfg = Release|x64
		{A6ECDAAC-B576-4E13-9919-53E8AE07205F}.Release|x64.Build.0 = Release|x64
		{A6ECDAAC-B576-4E13-9919-53E8AE07205F}.Release|x64.Deploy.0 = Release|x64
		{A6ECDAAC-B576-4E13-9919-53E8AE07205F}.Release|x86.ActiveCfg = Release|Win32
		{A6ECDAAC-B576-4E13-9919-53E8AE07205F}.Release|x86.Build.0 = Release|Win32
		{A6ECDAAC-B576-4E13-9919-53E8AE07205F}.Release|x86.Deploy.0 = Release|Win32
		{A6ECDAAC-B576-4E13-9919-53E8AE07205F}.Win10|Any CPU.ActiveCfg = Debug|x64
		{A6ECDAAC-B576-4E13-9919-53E8AE07205F}.Win10|Any CPU.Build.0 = Debug|x64
		{A6ECDAAC-B576-4E13-9919-53E8AE07205F}.Win10|Any CPU.Deploy.0 = Debug|x64
		{A6ECDAAC-B576-4E13-9919-53E8AE07205F}.Win10|ARM.ActiveCfg = Debug|ARM
		{A6ECDAAC-B576-4E13-9919-53E8AE07205F}.Win10|ARM.Build.0 = Debug|ARM
		{A6ECDAAC-B576-4E13-9919-53E8AE07205F}.Win10|ARM.Deploy.0 = Debug|ARM
		{A6ECDAAC-B576-4E13-9919-53E8AE07205F}.Win10|ARM64.ActiveCfg = Debug|ARM64
		{A6ECDAAC-B576-4E13-9919-53E8AE07205F}.Win10|ARM64.Build.0 = Debug|ARM64
		{A6ECDAAC-B576-4E13-9919-53E8AE07205F}.Win10|ARM64.Deploy.0 = Debug|ARM64
		{A6ECDAAC-B576-4E13-9919-53E8AE07205F}.Win10|x64.ActiveCfg = Debug|x64
		{A6ECDAAC-B576-4E13-9919-53E8AE07205F}.Win10|x64.Build.0 = Debug|x64
		{A6ECDAAC-B576-4E13-9919-53E8AE07205F}.Win10|x64.Deploy.0 = Debug|x64
		{A6ECDAAC-B576-4E13-9919-53E8AE07205F}.Win10|x86.ActiveCfg = Debug|Win32
		{A6ECDAAC-B576-4E13-9919-53E8AE07205F}.Win10|x86.Build.0 = Debug|Win32
		{A6ECDAAC-B576-4E13-9919-53E8AE07205F}.Win10|x86.Deploy.0 = Debug|Win32
		{A6ECDAAC-B576-4E13-9919-53E8AE07205F}.Win7 Debug|Any CPU.ActiveCfg = Debug|x64
		{A6ECDAAC-B576-4E13-9919-53E8AE07205F}.Win7 Debug|Any CPU.Build.0 = Debug|x64
		{A6ECDAAC-B576-4E13-9919-53E8AE07205F}.Win7 Debug|Any CPU.Deploy.0 = Debug|x64
		{A6ECDAAC-B576-4E13-9919-53E8AE07205F}.Win7 Debug|ARM.ActiveCfg = Debug|ARM
		{A6ECDAAC-B576-4E13-9919-53E8AE07205F}.Win7 Debug|ARM.Build.0 = Debug|ARM
		{A6ECDAAC-B576-4E13-9919-53E8AE07205F}.Win7 Debug|ARM.Deploy.0 = Debug|ARM
		{A6ECDAAC-B576-4E13-9919-53E8AE07205F}.Win7 Debug|ARM64.ActiveCfg = Debug|ARM64
		{A6ECDAAC-B576-4E13-9919-53E8AE07205F}.Win7 Debug|ARM64.Build.0 = Debug|ARM64
		{A6ECDAAC-B576-4E13-9919-53E8AE07205F}.Win7 Debug|ARM64.Deploy.0 = Debug|ARM64
		{A6ECDAAC-B576-4E13-9919-53E8AE07205F}.Win7 Debug|x64.ActiveCfg = Debug|x64
		{A6ECDAAC-B576-4E13-9919-53E8AE07205F}.Win7 Debug|x64.Build.0 = Debug|x64
		{A6ECDAAC-B576-4E13-9919-53E8AE07205F}.Win7 Debug|x64.Deploy.0 = Debug|x64
		{A6ECDAAC-B576-4E13-9919-53E8AE07205F}.Win7 Debug|x86.ActiveCfg = Debug|Win32
		{A6ECDAAC-B576-4E13-9919-53E8AE07205F}.Win7 Debug|x86.Build.0 = Debug|Win32
		{A6ECDAAC-B576-4E13-9919-53E8AE07205F}.Win7 Debug|x86.Deploy.0 = Debug|Win32
		{A6ECDAAC-B576-4E13-9919-53E8AE07205F}.Win7 Release|Any CPU.ActiveCfg = Debug|x64
		{A6ECDAAC-B576-4E13-9919-53E8AE07205F}.Win7 Release|Any CPU.Build.0 = Debug|x64
		{A6ECDAAC-B576-4E13-9919-53E8AE07205F}.Win7 Release|Any CPU.Deploy.0 = Debug|x64
		{A6ECDAAC-B576-4E13-9919-53E8AE07205F}.Win7 Release|ARM.ActiveCfg = Release|ARM
		{A6ECDAAC-B576-4E13-9919-53E8AE07205F}.Win7 Release|ARM.Build.0 = Release|ARM
		{A6ECDAAC-B576-4E13-9919-53E8AE07205F}.Win7 Release|ARM.Deploy.0 = Release|ARM
		{A6ECDAAC-B576-4E13-9919-53E8AE07205F}.Win7 Release|ARM64.ActiveCfg = Release|ARM64
		{A6ECDAAC-B576-4E13-9919-53E8AE07205F}.Win7 Release|ARM64.Build.0 = Release|ARM64
		{A6ECDAAC-B576-4E13-9919-53E8AE07205F}.Win7 Release|ARM64.Deploy.0 = Release|ARM64
		{A6ECDAAC-B576-4E13-9919-53E8AE07205F}.Win7 Release|x64.ActiveCfg = Release|x64
		{A6ECDAAC-B576-4E13-9919-53E8AE07205F}.Win7 Release|x64.Build.0 = Release|x64
		{A6ECDAAC-B576-4E13-9919-53E8AE07205F}.Win7 Release|x64.Deploy.0 = Release|x64
		{A6ECDAAC-B576-4E13-9919-53E8AE07205F}.Win7 Release|x86.ActiveCfg = Release|Win32
		{A6ECDAAC-B576-4E13-9919-53E8AE07205F}.Win7 Release|x86.Build.0 = Release|Win32
		{A6ECDAAC-B576-4E13-9919-53E8AE07205F}.Win7 Release|x86.Deploy.0 = Release|Win32
		{A6ECDAAC-B576-4E13-9919-53E8AE07205F}.Win8 Debug|Any CPU.ActiveCfg = Debug|x64
		{A6ECDAAC-B576-4E13-9919-53E8AE07205F}.Win8 Debug|Any CPU.Build.0 = Debug|x64
		{A6ECDAAC-B576-4E13-9919-53E8AE07205F}.Win8 Debug|Any CPU.Deploy.0 = Debug|x64
		{A6ECDAAC-B576-4E13-9919-53E8AE07205F}.Win8 Debug|ARM.ActiveCfg = Debug|ARM
		{A6ECDAAC-B576-4E13-9919-53E8AE07205F}.Win8 Debug|ARM.Build.0 = Debug|ARM
		{A6ECDAAC-B576-4E13-9919-53E8AE07205F}.Win8 Debug|ARM.Deploy.0 = Debug|ARM
		{A6ECDAAC-B576-4E13-9919-53E8AE07205F}.Win8 Debug|ARM64.ActiveCfg = Debug|ARM64
		{A6ECDAAC-B576-4E13-9919-53E8AE07205F}.Win8 Debug|ARM64.Build.0 = Debug|ARM64
		{A6ECDAAC-B576-4E13-9919-53E8AE07205F}.Win8 Debug|ARM64.Deploy.0 = Debug|ARM64
		{A6ECDAAC-B576-4E13-9919-53E8AE07205F}.Win8 Debug|x64.ActiveCfg = Debug|x64
		{A6ECDAAC-B576-4E13-9919-53E8AE07205F}.Win8 Debug|x64.Build.0 = Debug|x64
		{A6ECDAAC-B576-4E13-9919-53E8AE07205F}.Win8 Debug|x64.Deploy.0 = Debug|x64
		{A6ECDAAC-B576-4E13-9919-53E8AE07205F}.Win8 Debug|x86.ActiveCfg = Debug|Win32
		{A6ECDAAC-B576-4E13-9919-53E8AE07205F}.Win8 Debug|x86.Build.0 = Debug|Win32
		{A6ECDAAC-B576-4E13-9919-53E8AE07205F}.Win8 Debug|x86.Deploy.0 = Debug|Win32
		{A6ECDAAC-B576-4E13-9919-53E8AE07205F}.Win8 Release|Any CPU.ActiveCfg = Debug|x64
		{A6ECDAAC-B576-4E13-9919-53E8AE07205F}.Win8 Release|Any CPU.Build.0 = Debug|x64
		{A6ECDAAC-B576-4E13-9919-53E8AE07205F}.Win8 Release|Any CPU.Deploy.0 = Debug|x64
		{A6ECDAAC-B576-4E13-9919-53E8AE07205F}.Win8 Release|ARM.ActiveCfg = Release|ARM
		{A6ECDAAC-B576-4E13-9919-53E8AE07205F}.Win8 Release|ARM.Build.0 = Release|ARM
		{A6ECDAAC-B576-4E13-9919-53E8AE07205F}.Win8 Release|ARM.Deploy.0 = Release|ARM
		{A6ECDAAC-B576-4E13-9919-53E8AE07205F}.Win8 Release|ARM64.ActiveCfg = Release|ARM64
		{A6ECDAAC-B576-4E13-9919-53E8AE07205F}.Win8 Release|ARM64.Build.0 = Release|ARM64
		{A6ECDAAC-B576-4E13-9919-53E8AE07205F}.Win8 Release|ARM64.Deploy.0 = Release|ARM64
		{A6ECDAAC-B576-4E13-9919-53E8AE07205F}.Win8 Release|x64.ActiveCfg = Release|x64
		{A6ECDAAC-B576-4E13-9919-53E8AE07205F}.Win8 Release|x64.Build.0 = Release|x64
		{A6ECDAAC-B576-4E13-9919-53E8AE07205F}.Win8 Release|x64.Deploy.0 = Release|x64
		{A6ECDAAC-B576-4E13-9919-53E8AE07205F}.Win8 Release|x86.ActiveCfg = Release|Win32
		{A6ECDAAC-B576-4E13-9919-53E8AE07205F}.Win8 Release|x86.Build.0 = Release|Win32
		{A6ECDAAC-B576-4E13-9919-53E8AE07205F}.Win8 Release|x86.Deploy.0 = Release|Win32
		{A6ECDAAC-B576-4E13-9919-53E8AE07205F}.Win8.1 Debug|Any CPU.ActiveCfg = Debug|x64
		{A6ECDAAC-B576-4E13-9919-53E8AE07205F}.Win8.1 Debug|Any CPU.Build.0 = Debug|x64
		{A6ECDAAC-B576-4E13-9919-53E8AE07205F}.Win8.1 Debug|Any CPU.Deploy.0 = Debug|x64
		{A6ECDAAC-B576-4E13-9919-53E8AE07205F}.Win8.1 Debug|ARM.ActiveCfg = Debug|ARM
		{A6ECDAAC-B576-4E13-9919-53E8AE07205F}.Win8.1 Debug|ARM.Build.0 = Debug|ARM
		{A6ECDAAC-B576-4E13-9919-53E8AE07205F}.Win8.1 Debug|ARM.Deploy.0 = Debug|ARM
		{A6ECDAAC-B576-4E13-9919-53E8AE07205F}.Win8.1 Debug|ARM64.ActiveCfg = Debug|ARM64
		{A6ECDAAC-B576-4E13-9919-53E8AE07205F}.Win8.1 Debug|ARM64.Build.0 = Debug|ARM64
		{A6ECDAAC-B576-4E13-9919-53E8AE07205F}.Win8.1 Debug|ARM64.Deploy.0 = Debug|ARM64
		{A6ECDAAC-B576-4E13-9919-53E8AE07205F}.Win8.1 Debug|x64.ActiveCfg = Debug|x64
		{A6ECDAAC-B576-4E13-9919-53E8AE07205F}.Win8.1 Debug|x64.Build.0 = Debug|x64
		{A6ECDAAC-B576-4E13-9919-53E8AE07205F}.Win8.1 Debug|x64.Deploy.0 = Debug|x64
		{A6ECDAAC-B576-4E13-9919-53E8AE07205F}.Win8.1 Debug|x86.ActiveCfg = Debug|Win32
		{A6ECDAAC-B576-4E13-9919-53E8AE07205F}.Win8.1 Debug|x86.Build.0 = Debug|Win32
		{A6ECDAAC-B576-4E13-9919-53E8AE07205F}.Win8.1 Debug|x86.Deploy.0 = Debug|Win32
		{A6ECDAAC-B576-4E13-9919-53E8AE07205F}.Win8.1 Release|Any CPU.ActiveCfg = Debug|x64
		{A6ECDAAC-B576-4E13-9919-53E8AE07205F}.Win8.1 Release|Any CPU.Build.0 = Debug|x64
		{A6ECDAAC-B576-4E13-9919-53E8AE07205F}.Win8.1 Release|Any CPU.Deploy.0 = Debug|x64
		{A6ECDAAC-B576-4E13-9919-53E8AE07205F}.Win8.1 Release|ARM.ActiveCfg = Release|ARM
		{A6ECDAAC-B576-4E13-9919-53E8AE07205F}.Win8.1 Release|ARM.Build.0 = Release|ARM
		{A6ECDAAC-B576-4E13-9919-53E8AE07205F}.Win8.1 Release|ARM.Deploy.0 = Release|ARM
		{A6ECDAAC-B576-4E13-9919-53E8AE07205F}.Win8.1 Release|ARM64.ActiveCfg = Release|ARM64
		{A6ECDAAC-B576-4E13-9919-53E8AE07205F}.Win8.1 Release|ARM64.Build.0 = Release|ARM64
		{A6ECDAAC-B576-4E13-9919-53E8AE07205F}.Win8.1 Release|ARM64.Deploy.0 = Release|ARM64
		{A6ECDAAC-B576-4E13-9919-53E8AE07205F}.Win8.1 Release|x64.ActiveCfg = Release|x64
		{A6ECDAAC-B576-4E13-9919-53E8AE07205F}.Win8.1 Release|x64.Build.0 = Release|x64
		{A6ECDAAC-B576-4E13-9919-53E8AE07205F}.Win8.1 Release|x64.Deploy.0 = Release|x64
		{A6ECDAAC-B576-4E13-9919-53E8AE07205F}.Win8.1 Release|x86.ActiveCfg = Release|Win32
		{A6ECDAAC-B576-4E13-9919-53E8AE07205F}.Win8.1 Release|x86.Build.0 = Release|Win32
		{A6ECDAAC-B576-4E13-9919-53E8AE07205F}.Win8.1 Release|x86.Deploy.0 = Release|Win32
	EndGlobalSection
	GlobalSection(SolutionProperties) = preSolution
		HideSolutionNode = FALSE
	EndGlobalSection
	GlobalSection(ExtensibilityGlobals) = postSolution
		SolutionGuid = {6E305C10-1FAE-422F-956A-04AFADA38DD9}
	EndGlobalSection
EndGlobal
