<?xml version="1.0" encoding="utf-8"?>
<Project ToolsVersion="4.0" xmlns="http://schemas.microsoft.com/developer/msbuild/2003">
  <ItemGroup>
    <Filter Include="Source Files">
      <UniqueIdentifier>{4FC737F1-C7A5-4376-A066-2A32D752A2FF}</UniqueIdentifier>
      <Extensions>cpp;c;cc;cxx;def;odl;idl;hpj;bat;asm;asmx</Extensions>
    </Filter>
    <Filter Include="Header Files">
      <UniqueIdentifier>{93995380-89BD-4b04-88EB-625FBE52EBFB}</UniqueIdentifier>
      <Extensions>h;hpp;hxx;hm;inl;inc;xsd</Extensions>
    </Filter>
    <Filter Include="Resource Files">
      <UniqueIdentifier>{67DA6AB6-F800-4c08-8B7A-83BB121AAD01}</UniqueIdentifier>
      <Extensions>rc;ico;cur;bmp;dlg;rc2;rct;bin;rgs;gif;jpg;jpeg;jpe;resx;tiff;tif;png;wav</Extensions>
    </Filter>
  </ItemGroup>
  <ItemGroup>
    <ClCompile Include="ABOUT.CPP">
      <Filter>Source Files</Filter>
    </ClCompile>
    <ClCompile Include="AutoExecDlg.cpp">
      <Filter>Source Files</Filter>
    </ClCompile>
    <ClCompile Include="Automatic.cpp">
      <Filter>Source Files</Filter>
    </ClCompile>
    <ClCompile Include="Comment.cpp">
      <Filter>Source Files</Filter>
    </ClCompile>
    <ClCompile Include="DlgMenu.cpp">
      <Filter>Source Files</Filter>
    </ClCompile>
    <ClCompile Include="ErrorFunxns.CPP">
      <Filter>Source Files</Filter>
    </ClCompile>
    <ClCompile Include="ErrorMngt.cpp">
      <Filter>Source Files</Filter>
    </ClCompile>
    <ClCompile Include="FORMAT.CPP">
      <Filter>Source Files</Filter>
    </ClCompile>
    <ClCompile Include="HdwTrace.cpp">
      <Filter>Source Files</Filter>
    </ClCompile>
    <ClCompile Include="INTMGT.CPP">
      <Filter>Source Files</Filter>
    </ClCompile>
    <ClCompile Include="IoCtl_Cls.cpp">
      <Filter>Source Files</Filter>
    </ClCompile>
    <ClCompile Include="MadDevSimUsrInt.cpp">
      <Filter>Source Files</Filter>
    </ClCompile>
    <ClCompile Include="MadDevSimUsrIntDlg.cpp">
      <Filter>Source Files</Filter>
    </ClCompile>
    <ClCompile Include="MainFrm.cpp">
      <Filter>Source Files</Filter>
    </ClCompile>
    <ClCompile Include="MANUAL.CPP">
      <Filter>Source Files</Filter>
    </ClCompile>
    <ClCompile Include="MgmtFunxns.CPP">
      <Filter>Source Files</Filter>
    </ClCompile>
    <ClCompile Include="NumericEdit.cpp">
      <Filter>Source Files</Filter>
    </ClCompile>
    <ClCompile Include="POLL.CPP">
      <Filter>Source Files</Filter>
    </ClCompile>
    <ClCompile Include="RegData.cpp">
      <Filter>Source Files</Filter>
    </ClCompile>
    <ClCompile Include="RegDisplay.cpp">
      <Filter>Source Files</Filter>
    </ClCompile>
    <ClCompile Include="REGISTRY.CPP">
      <Filter>Source Files</Filter>
    </ClCompile>
    <ClCompile Include="REGVARS.CPP">
      <Filter>Source Files</Filter>
    </ClCompile>
    <ClCompile Include="SpinnerButton.cpp">
      <Filter>Source Files</Filter>
    </ClCompile>
    <ClCompile Include="StdAfx.cpp">
      <Filter>Source Files</Filter>
    </ClCompile>
    <ClCompile Include="TraceWnd.cpp">
      <Filter>Source Files</Filter>
    </ClCompile>
    <ClCompile Include="MadDevSimOpen.cpp">
      <Filter>Source Files</Filter>
    </ClCompile>
  </ItemGroup>
  <ItemGroup>
    <ClInclude Include="ABOUT.H">
      <Filter>Header Files</Filter>
    </ClInclude>
    <ClInclude Include="AutoExecDlg.h">
      <Filter>Header Files</Filter>
    </ClInclude>
    <ClInclude Include="Automatic.h">
      <Filter>Header Files</Filter>
    </ClInclude>
    <ClInclude Include="BUZZPHRASE.h">
      <Filter>Header Files</Filter>
    </ClInclude>
    <ClInclude Include="Comment.h">
      <Filter>Header Files</Filter>
    </ClInclude>
    <ClInclude Include="DlgMenu.h">
      <Filter>Header Files</Filter>
    </ClInclude>
    <ClInclude Include="ErrMngtParms.H">
      <Filter>Header Files</Filter>
    </ClInclude>
    <ClInclude Include="ErrorFunxns.h">
      <Filter>Header Files</Filter>
    </ClInclude>
    <ClInclude Include="ErrorMngt.h">
      <Filter>Header Files</Filter>
    </ClInclude>
    <ClInclude Include="FORMAT.H">
      <Filter>Header Files</Filter>
    </ClInclude>
    <ClInclude Include="HdwTrace.h">
      <Filter>Header Files</Filter>
    </ClInclude>
    <ClInclude Include="HELP.H">
      <Filter>Header Files</Filter>
    </ClInclude>
    <ClInclude Include="IoCtl_Cls.h">
      <Filter>Header Files</Filter>
    </ClInclude>
    <ClInclude Include="MadDevSimUIDlg.h">
      <Filter>Header Files</Filter>
    </ClInclude>
    <ClInclude Include="MadDevSimUIDoc.h">
      <Filter>Header Files</Filter>
    </ClInclude>
    <ClInclude Include="MadDevSimUIView.h">
      <Filter>Header Files</Filter>
    </ClInclude>
    <ClInclude Include="MadDevSimUsrInt.h">
      <Filter>Header Files</Filter>
    </ClInclude>
    <ClInclude Include="MadDevSimUsrIntDlg.h">
      <Filter>Header Files</Filter>
    </ClInclude>
    <ClInclude Include="MadIDevSimUIDoc.h">
      <Filter>Header Files</Filter>
    </ClInclude>
    <ClInclude Include="MainFrm.h">
      <Filter>Header Files</Filter>
    </ClInclude>
    <ClInclude Include="NumericEdit.h">
      <Filter>Header Files</Filter>
    </ClInclude>
    <ClInclude Include="PacketTerm.h">
      <Filter>Header Files</Filter>
    </ClInclude>
    <ClInclude Include="RegData.h">
      <Filter>Header Files</Filter>
    </ClInclude>
    <ClInclude Include="RegDisplay.h">
      <Filter>Header Files</Filter>
    </ClInclude>
    <ClInclude Include="REGISTRY.H">
      <Filter>Header Files</Filter>
    </ClInclude>
    <ClInclude Include="REGVARS.H">
      <Filter>Header Files</Filter>
    </ClInclude>
    <ClInclude Include="Resource.h">
      <Filter>Header Files</Filter>
    </ClInclude>
    <ClInclude Include="SpinnerButton.h">
      <Filter>Header Files</Filter>
    </ClInclude>
    <ClInclude Include="StdAfx.h">
      <Filter>Header Files</Filter>
    </ClInclude>
    <ClInclude Include="TraceWnd.h">
      <Filter>Header Files</Filter>
    </ClInclude>
    <ClInclude Include="UWM.H">
      <Filter>Header Files</Filter>
    </ClInclude>
  </ItemGroup>
  <ItemGroup>
    <ResourceCompile Include="MadDevSimUsrInt.rc">
      <Filter>Resource Files</Filter>
    </ResourceCompile>
  </ItemGroup>
  <ItemGroup>
    <None Include="res\AbsDevUI.rc2">
      <Filter>Resource Files</Filter>
    </None>
    <None Include="res\BmiDevSimUsrInt.rc2">
      <Filter>Resource Files</Filter>
    </None>
    <None Include="res\Simulator.rc2">
      <Filter>Resource Files</Filter>
    </None>
    <None Include="UpgradeLog.htm" />
    <None Include="debug\BuildLog.htm" />
    <None Include="x64\debug\BuildLog.htm" />
  </ItemGroup>
  <ItemGroup>
    <Image Include="res\Simulator.ico">
      <Filter>Resource Files</Filter>
    </Image>
    <Image Include="res\icon1.ico">
      <Filter>Resource Files</Filter>
    </Image>
    <Image Include="res\tec.bmp">
      <Filter>Resource Files</Filter>
    </Image>
    <Image Include="res\htfco.ico">
      <Filter>Resource Files</Filter>
    </Image>
  </ItemGroup>
</Project>